// !$*UTF8*$!
{
	archiveVersion = 1;
	classes = {
	};
	objectVersion = 50;
	objects = {

/* Begin PBXBuildFile section */
		373FB97C230497C7009EF31C /* AppDelegate.swift in Sources */ = {isa = PBXBuildFile; fileRef = 373FB97B230497C7009EF31C /* AppDelegate.swift */; };
		373FB97E230497C7009EF31C /* ViewController.swift in Sources */ = {isa = PBXBuildFile; fileRef = 373FB97D230497C7009EF31C /* ViewController.swift */; };
		373FB981230497C7009EF31C /* Main.storyboard in Resources */ = {isa = PBXBuildFile; fileRef = 373FB97F230497C7009EF31C /* Main.storyboard */; };
		373FB983230497C8009EF31C /* Assets.xcassets in Resources */ = {isa = PBXBuildFile; fileRef = 373FB982230497C8009EF31C /* Assets.xcassets */; };
		373FB986230497C8009EF31C /* LaunchScreen.storyboard in Resources */ = {isa = PBXBuildFile; fileRef = 373FB984230497C8009EF31C /* LaunchScreen.storyboard */; };
		373FB98E23049B07009EF31C /* UiNavigationContoller+StatusBar.swift in Sources */ = {isa = PBXBuildFile; fileRef = 373FB98D23049B07009EF31C /* UiNavigationContoller+StatusBar.swift */; };
		373FB9902304D9A2009EF31C /* GenericLabel.swift in Sources */ = {isa = PBXBuildFile; fileRef = 373FB98F2304D9A2009EF31C /* GenericLabel.swift */; };
/* End PBXBuildFile section */

/* Begin PBXFileReference section */
		373FB978230497C7009EF31C /* Scatter-Gather.app */ = {isa = PBXFileReference; explicitFileType = wrapper.application; includeInIndex = 0; path = "Scatter-Gather.app"; sourceTree = BUILT_PRODUCTS_DIR; };
		373FB97B230497C7009EF31C /* AppDelegate.swift */ = {isa = PBXFileReference; lastKnownFileType = sourcecode.swift; path = AppDelegate.swift; sourceTree = "<group>"; };
		373FB97D230497C7009EF31C /* ViewController.swift */ = {isa = PBXFileReference; lastKnownFileType = sourcecode.swift; path = ViewController.swift; sourceTree = "<group>"; };
		373FB980230497C7009EF31C /* Base */ = {isa = PBXFileReference; lastKnownFileType = file.storyboard; name = Base; path = Base.lproj/Main.storyboard; sourceTree = "<group>"; };
		373FB982230497C8009EF31C /* Assets.xcassets */ = {isa = PBXFileReference; lastKnownFileType = folder.assetcatalog; path = Assets.xcassets; sourceTree = "<group>"; };
		373FB985230497C8009EF31C /* Base */ = {isa = PBXFileReference; lastKnownFileType = file.storyboard; name = Base; path = Base.lproj/LaunchScreen.storyboard; sourceTree = "<group>"; };
		373FB987230497C8009EF31C /* Info.plist */ = {isa = PBXFileReference; lastKnownFileType = text.plist.xml; path = Info.plist; sourceTree = "<group>"; };
		373FB98D23049B07009EF31C /* UiNavigationContoller+StatusBar.swift */ = {isa = PBXFileReference; lastKnownFileType = sourcecode.swift; path = "UiNavigationContoller+StatusBar.swift"; sourceTree = "<group>"; };
		373FB98F2304D9A2009EF31C /* GenericLabel.swift */ = {isa = PBXFileReference; lastKnownFileType = sourcecode.swift; path = GenericLabel.swift; sourceTree = "<group>"; };
/* End PBXFileReference section */

/* Begin PBXFrameworksBuildPhase section */
		373FB975230497C7009EF31C /* Frameworks */ = {
			isa = PBXFrameworksBuildPhase;
			buildActionMask = 2147483647;
			files = (
			);
			runOnlyForDeploymentPostprocessing = 0;
		};
/* End PBXFrameworksBuildPhase section */

/* Begin PBXGroup section */
		373FB96F230497C7009EF31C = {
			isa = PBXGroup;
			children = (
				373FB97A230497C7009EF31C /* Scatter-Gather */,
				373FB979230497C7009EF31C /* Products */,
			);
			sourceTree = "<group>";
		};
		373FB979230497C7009EF31C /* Products */ = {
			isa = PBXGroup;
			children = (
				373FB978230497C7009EF31C /* Scatter-Gather.app */,
			);
			name = Products;
			sourceTree = "<group>";
		};
		373FB97A230497C7009EF31C /* Scatter-Gather */ = {
			isa = PBXGroup;
			children = (
				373FB97B230497C7009EF31C /* AppDelegate.swift */,
				373FB97D230497C7009EF31C /* ViewController.swift */,
				373FB98D23049B07009EF31C /* UiNavigationContoller+StatusBar.swift */,
				373FB98F2304D9A2009EF31C /* GenericLabel.swift */,
				373FB97F230497C7009EF31C /* Main.storyboard */,
				373FB982230497C8009EF31C /* Assets.xcassets */,
				373FB984230497C8009EF31C /* LaunchScreen.storyboard */,
				373FB987230497C8009EF31C /* Info.plist */,
			);
			path = "Scatter-Gather";
			sourceTree = "<group>";
		};
/* End PBXGroup section */

/* Begin PBXNativeTarget section */
		373FB977230497C7009EF31C /* Scatter-Gather */ = {
			isa = PBXNativeTarget;
			buildConfigurationList = 373FB98A230497C8009EF31C /* Build configuration list for PBXNativeTarget "Scatter-Gather" */;
			buildPhases = (
				373FB974230497C7009EF31C /* Sources */,
				373FB975230497C7009EF31C /* Frameworks */,
				373FB976230497C7009EF31C /* Resources */,
			);
			buildRules = (
			);
			dependencies = (
			);
			name = "Scatter-Gather";
			productName = "Scatter-Gather";
			productReference = 373FB978230497C7009EF31C /* Scatter-Gather.app */;
			productType = "com.apple.product-type.application";
		};
/* End PBXNativeTarget section */

/* Begin PBXProject section */
		373FB970230497C7009EF31C /* Project object */ = {
			isa = PBXProject;
			attributes = {
				LastSwiftUpdateCheck = 1030;
				LastUpgradeCheck = 1030;
				ORGANIZATIONNAME = "Marlon Raskin";
				TargetAttributes = {
					373FB977230497C7009EF31C = {
						CreatedOnToolsVersion = 10.3;
					};
				};
			};
			buildConfigurationList = 373FB973230497C7009EF31C /* Build configuration list for PBXProject "Scatter-Gather" */;
			compatibilityVersion = "Xcode 9.3";
			developmentRegion = en;
			hasScannedForEncodings = 0;
			knownRegions = (
				en,
				Base,
			);
			mainGroup = 373FB96F230497C7009EF31C;
			productRefGroup = 373FB979230497C7009EF31C /* Products */;
			projectDirPath = "";
			projectRoot = "";
			targets = (
				373FB977230497C7009EF31C /* Scatter-Gather */,
			);
		};
/* End PBXProject section */

/* Begin PBXResourcesBuildPhase section */
		373FB976230497C7009EF31C /* Resources */ = {
			isa = PBXResourcesBuildPhase;
			buildActionMask = 2147483647;
			files = (
				373FB986230497C8009EF31C /* LaunchScreen.storyboard in Resources */,
				373FB983230497C8009EF31C /* Assets.xcassets in Resources */,
				373FB981230497C7009EF31C /* Main.storyboard in Resources */,
			);
			runOnlyForDeploymentPostprocessing = 0;
		};
/* End PBXResourcesBuildPhase section */

/* Begin PBXSourcesBuildPhase section */
		373FB974230497C7009EF31C /* Sources */ = {
			isa = PBXSourcesBuildPhase;
			buildActionMask = 2147483647;
			files = (
				373FB97E230497C7009EF31C /* ViewController.swift in Sources */,
				373FB98E23049B07009EF31C /* UiNavigationContoller+StatusBar.swift in Sources */,
				373FB9902304D9A2009EF31C /* GenericLabel.swift in Sources */,
				373FB97C230497C7009EF31C /* AppDelegate.swift in Sources */,
			);
			runOnlyForDeploymentPostprocessing = 0;
		};
/* End PBXSourcesBuildPhase section */

/* Begin PBXVariantGroup section */
		373FB97F230497C7009EF31C /* Main.storyboard */ = {
			isa = PBXVariantGroup;
			children = (
				373FB980230497C7009EF31C /* Base */,
			);
			name = Main.storyboard;
			sourceTree = "<group>";
		};
		373FB984230497C8009EF31C /* LaunchScreen.storyboard */ = {
			isa = PBXVariantGroup;
			children = (
				373FB985230497C8009EF31C /* Base */,
			);
			name = LaunchScreen.storyboard;
			sourceTree = "<group>";
		};
/* End PBXVariantGroup section */

/* Begin XCBuildConfiguration section */
		373FB988230497C8009EF31C /* Debug */ = {
			isa = XCBuildConfiguration;
			buildSettings = {
				ALWAYS_SEARCH_USER_PATHS = NO;
				CLANG_ANALYZER_NONNULL = YES;
				CLANG_ANALYZER_NUMBER_OBJECT_CONVERSION = YES_AGGRESSIVE;
				CLANG_CXX_LANGUAGE_STANDARD = "gnu++14";
				CLANG_CXX_LIBRARY = "libc++";
				CLANG_ENABLE_MODULES = YES;
				CLANG_ENABLE_OBJC_ARC = YES;
				CLANG_ENABLE_OBJC_WEAK = YES;
				CLANG_WARN_BLOCK_CAPTURE_AUTORELEASING = YES;
				CLANG_WARN_BOOL_CONVERSION = YES;
				CLANG_WARN_COMMA = YES;
				CLANG_WARN_CONSTANT_CONVERSION = YES;
				CLANG_WARN_DEPRECATED_OBJC_IMPLEMENTATIONS = YES;
				CLANG_WARN_DIRECT_OBJC_ISA_USAGE = YES_ERROR;
				CLANG_WARN_DOCUMENTATION_COMMENTS = YES;
				CLANG_WARN_EMPTY_BODY = YES;
				CLANG_WARN_ENUM_CONVERSION = YES;
				CLANG_WARN_INFINITE_RECURSION = YES;
				CLANG_WARN_INT_CONVERSION = YES;
				CLANG_WARN_NON_LITERAL_NULL_CONVERSION = YES;
				CLANG_WARN_OBJC_IMPLICIT_RETAIN_SELF = YES;
				CLANG_WARN_OBJC_LITERAL_CONVERSION = YES;
				CLANG_WARN_OBJC_ROOT_CLASS = YES_ERROR;
				CLANG_WARN_RANGE_LOOP_ANALYSIS = YES;
				CLANG_WARN_STRICT_PROTOTYPES = YES;
				CLANG_WARN_SUSPICIOUS_MOVE = YES;
				CLANG_WARN_UNGUARDED_AVAILABILITY = YES_AGGRESSIVE;
				CLANG_WARN_UNREACHABLE_CODE = YES;
				CLANG_WARN__DUPLICATE_METHOD_MATCH = YES;
				CODE_SIGN_IDENTITY = "iPhone Developer";
				COPY_PHASE_STRIP = NO;
				DEBUG_INFORMATION_FORMAT = dwarf;
				ENABLE_STRICT_OBJC_MSGSEND = YES;
				ENABLE_TESTABILITY = YES;
				GCC_C_LANGUAGE_STANDARD = gnu11;
				GCC_DYNAMIC_NO_PIC = NO;
				GCC_NO_COMMON_BLOCKS = YES;
				GCC_OPTIMIZATION_LEVEL = 0;
				GCC_PREPROCESSOR_DEFINITIONS = (
					"DEBUG=1",
					"$(inherited)",
				);
				GCC_WARN_64_TO_32_BIT_CONVERSION = YES;
				GCC_WARN_ABOUT_RETURN_TYPE = YES_ERROR;
				GCC_WARN_UNDECLARED_SELECTOR = YES;
				GCC_WARN_UNINITIALIZED_AUTOS = YES_AGGRESSIVE;
				GCC_WARN_UNUSED_FUNCTION = YES;
				GCC_WARN_UNUSED_VARIABLE = YES;
				IPHONEOS_DEPLOYMENT_TARGET = 12.4;
				MTL_ENABLE_DEBUG_INFO = INCLUDE_SOURCE;
				MTL_FAST_MATH = YES;
				ONLY_ACTIVE_ARCH = YES;
				SDKROOT = iphoneos;
				SWIFT_ACTIVE_COMPILATION_CONDITIONS = DEBUG;
				SWIFT_OPTIMIZATION_LEVEL = "-Onone";
			};
			name = Debug;
		};
		373FB989230497C8009EF31C /* Release */ = {
			isa = XCBuildConfiguration;
			buildSettings = {
				ALWAYS_SEARCH_USER_PATHS = NO;
				CLANG_ANALYZER_NONNULL = YES;
				CLANG_ANALYZER_NUMBER_OBJECT_CONVERSION = YES_AGGRESSIVE;
				CLANG_CXX_LANGUAGE_STANDARD = "gnu++14";
				CLANG_CXX_LIBRARY = "libc++";
				CLANG_ENABLE_MODULES = YES;
				CLANG_ENABLE_OBJC_ARC = YES;
				CLANG_ENABLE_OBJC_WEAK = YES;
				CLANG_WARN_BLOCK_CAPTURE_AUTORELEASING = YES;
				CLANG_WARN_BOOL_CONVERSION = YES;
				CLANG_WARN_COMMA = YES;
				CLANG_WARN_CONSTANT_CONVERSION = YES;
				CLANG_WARN_DEPRECATED_OBJC_IMPLEMENTATIONS = YES;
				CLANG_WARN_DIRECT_OBJC_ISA_USAGE = YES_ERROR;
				CLANG_WARN_DOCUMENTATION_COMMENTS = YES;
				CLANG_WARN_EMPTY_BODY = YES;
				CLANG_WARN_ENUM_CONVERSION = YES;
				CLANG_WARN_INFINITE_RECURSION = YES;
				CLANG_WARN_INT_CONVERSION = YES;
				CLANG_WARN_NON_LITERAL_NULL_CONVERSION = YES;
				CLANG_WARN_OBJC_IMPLICIT_RETAIN_SELF = YES;
				CLANG_WARN_OBJC_LITERAL_CONVERSION = YES;
				CLANG_WARN_OBJC_ROOT_CLASS = YES_ERROR;
				CLANG_WARN_RANGE_LOOP_ANALYSIS = YES;
				CLANG_WARN_STRICT_PROTOTYPES = YES;
				CLANG_WARN_SUSPICIOUS_MOVE = YES;
				CLANG_WARN_UNGUARDED_AVAILABILITY = YES_AGGRESSIVE;
				CLANG_WARN_UNREACHABLE_CODE = YES;
				CLANG_WARN__DUPLICATE_METHOD_MATCH = YES;
				CODE_SIGN_IDENTITY = "iPhone Developer";
				COPY_PHASE_STRIP = NO;
				DEBUG_INFORMATION_FORMAT = "dwarf-with-dsym";
				ENABLE_NS_ASSERTIONS = NO;
				ENABLE_STRICT_OBJC_MSGSEND = YES;
				GCC_C_LANGUAGE_STANDARD = gnu11;
				GCC_NO_COMMON_BLOCKS = YES;
				GCC_WARN_64_TO_32_BIT_CONVERSION = YES;
				GCC_WARN_ABOUT_RETURN_TYPE = YES_ERROR;
				GCC_WARN_UNDECLARED_SELECTOR = YES;
				GCC_WARN_UNINITIALIZED_AUTOS = YES_AGGRESSIVE;
				GCC_WARN_UNUSED_FUNCTION = YES;
				GCC_WARN_UNUSED_VARIABLE = YES;
				IPHONEOS_DEPLOYMENT_TARGET = 12.4;
				MTL_ENABLE_DEBUG_INFO = NO;
				MTL_FAST_MATH = YES;
				SDKROOT = iphoneos;
				SWIFT_COMPILATION_MODE = wholemodule;
				SWIFT_OPTIMIZATION_LEVEL = "-O";
				VALIDATE_PRODUCT = YES;
			};
			name = Release;
		};
		373FB98B230497C8009EF31C /* Debug */ = {
			isa = XCBuildConfiguration;
			buildSettings = {
				ASSETCATALOG_COMPILER_APPICON_NAME = AppIcon;
				CODE_SIGN_STYLE = Automatic;
				DEVELOPMENT_TEAM = D6VB3396MT;
				INFOPLIST_FILE = "Scatter-Gather/Info.plist";
				LD_RUNPATH_SEARCH_PATHS = (
					"$(inherited)",
					"@executable_path/Frameworks",
				);
				PRODUCT_BUNDLE_IDENTIFIER = "com.marlonraskin.Scatter-Gather";
				PRODUCT_NAME = "$(TARGET_NAME)";
				SWIFT_VERSION = 5.0;
				TARGETED_DEVICE_FAMILY = "1,2";
			};
			name = Debug;
		};
		373FB98C230497C8009EF31C /* Release */ = {
			isa = XCBuildConfiguration;
			buildSettings = {
				ASSETCATALOG_COMPILER_APPICON_NAME = AppIcon;
				CODE_SIGN_STYLE = Automatic;
				DEVELOPMENT_TEAM = D6VB3396MT;
				INFOPLIST_FILE = "Scatter-Gather/Info.plist";
				LD_RUNPATH_SEARCH_PATHS = (
					"$(inherited)",
					"@executable_path/Frameworks",
				);
				PRODUCT_BUNDLE_IDENTIFIER = "com.marlonraskin.Scatter-Gather";
				PRODUCT_NAME = "$(TARGET_NAME)";
				SWIFT_VERSION = 5.0;
				TARGETED_DEVICE_FAMILY = "1,2";
			};
			name = Release;
		};
/* End XCBuildConfiguration section */

/* Begin XCConfigurationList section */
		373FB973230497C7009EF31C /* Build configuration list for PBXProject "Scatter-Gather" */ = {
			isa = XCConfigurationList;
			buildConfigurations = (
				373FB988230497C8009EF31C /* Debug */,
				373FB989230497C8009EF31C /* Release */,
			);
			defaultConfigurationIsVisible = 0;
			defaultConfigurationName = Release;
		};
		373FB98A230497C8009EF31C /* Build configuration list for PBXNativeTarget "Scatter-Gather" */ = {
			isa = XCConfigurationList;
			buildConfigurations = (
				373FB98B230497C8009EF31C /* Debug */,
				373FB98C230497C8009EF31C /* Release */,
			);
			defaultConfigurationIsVisible = 0;
			defaultConfigurationName = Release;
		};
/* End XCConfigurationList section */
	};
	rootObject = 373FB970230497C7009EF31C /* Project object */;
}
