// !$*UTF8*$!
{
	archiveVersion = 1;
	classes = {
	};
	objectVersion = 50;
	objects = {

/* Begin PBXBuildFile section */
		BB32FACB24216FCA003E6DAF /* AppDelegate.swift in Sources */ = {isa = PBXBuildFile; fileRef = BB32FACA24216FCA003E6DAF /* AppDelegate.swift */; };
		BB32FACD24216FCA003E6DAF /* SceneDelegate.swift in Sources */ = {isa = PBXBuildFile; fileRef = BB32FACC24216FCA003E6DAF /* SceneDelegate.swift */; };
		BB32FACF24216FCA003E6DAF /* ViewController.swift in Sources */ = {isa = PBXBuildFile; fileRef = BB32FACE24216FCA003E6DAF /* ViewController.swift */; };
		BB32FAD224216FCA003E6DAF /* Main.storyboard in Resources */ = {isa = PBXBuildFile; fileRef = BB32FAD024216FCA003E6DAF /* Main.storyboard */; };
		BB32FAD424216FCC003E6DAF /* Assets.xcassets in Resources */ = {isa = PBXBuildFile; fileRef = BB32FAD324216FCC003E6DAF /* Assets.xcassets */; };
		BB32FAD724216FCC003E6DAF /* LaunchScreen.storyboard in Resources */ = {isa = PBXBuildFile; fileRef = BB32FAD524216FCC003E6DAF /* LaunchScreen.storyboard */; };
/* End PBXBuildFile section */

/* Begin PBXFileReference section */
		BB32FAC724216FCA003E6DAF /* ScatterAndGather.app */ = {isa = PBXFileReference; explicitFileType = wrapper.application; includeInIndex = 0; path = ScatterAndGather.app; sourceTree = BUILT_PRODUCTS_DIR; };
		BB32FACA24216FCA003E6DAF /* AppDelegate.swift */ = {isa = PBXFileReference; lastKnownFileType = sourcecode.swift; path = AppDelegate.swift; sourceTree = "<group>"; };
		BB32FACC24216FCA003E6DAF /* SceneDelegate.swift */ = {isa = PBXFileReference; lastKnownFileType = sourcecode.swift; path = SceneDelegate.swift; sourceTree = "<group>"; };
		BB32FACE24216FCA003E6DAF /* ViewController.swift */ = {isa = PBXFileReference; lastKnownFileType = sourcecode.swift; path = ViewController.swift; sourceTree = "<group>"; };
		BB32FAD124216FCA003E6DAF /* Base */ = {isa = PBXFileReference; lastKnownFileType = file.storyboard; name = Base; path = Base.lproj/Main.storyboard; sourceTree = "<group>"; };
		BB32FAD324216FCC003E6DAF /* Assets.xcassets */ = {isa = PBXFileReference; lastKnownFileType = folder.assetcatalog; path = Assets.xcassets; sourceTree = "<group>"; };
		BB32FAD624216FCC003E6DAF /* Base */ = {isa = PBXFileReference; lastKnownFileType = file.storyboard; name = Base; path = Base.lproj/LaunchScreen.storyboard; sourceTree = "<group>"; };
		BB32FAD824216FCC003E6DAF /* Info.plist */ = {isa = PBXFileReference; lastKnownFileType = text.plist.xml; path = Info.plist; sourceTree = "<group>"; };
/* End PBXFileReference section */

/* Begin PBXFrameworksBuildPhase section */
		BB32FAC424216FCA003E6DAF /* Frameworks */ = {
			isa = PBXFrameworksBuildPhase;
			buildActionMask = 2147483647;
			files = (
			);
			runOnlyForDeploymentPostprocessing = 0;
		};
/* End PBXFrameworksBuildPhase section */

/* Begin PBXGroup section */
		BB32FABE24216FC9003E6DAF = {
			isa = PBXGroup;
			children = (
				BB32FAC924216FCA003E6DAF /* ScatterAndGather */,
				BB32FAC824216FCA003E6DAF /* Products */,
			);
			sourceTree = "<group>";
		};
		BB32FAC824216FCA003E6DAF /* Products */ = {
			isa = PBXGroup;
			children = (
				BB32FAC724216FCA003E6DAF /* ScatterAndGather.app */,
			);
			name = Products;
			sourceTree = "<group>";
		};
		BB32FAC924216FCA003E6DAF /* ScatterAndGather */ = {
			isa = PBXGroup;
			children = (
				BB32FAE124217011003E6DAF /* Models */,
				BB32FADF24216FF8003E6DAF /* View */,
				BB32FAE024217003003E6DAF /* View Controller */,
				BB32FADE24216FDB003E6DAF /* Resources */,
				BB32FAD824216FCC003E6DAF /* Info.plist */,
			);
			path = ScatterAndGather;
			sourceTree = "<group>";
		};
		BB32FADE24216FDB003E6DAF /* Resources */ = {
			isa = PBXGroup;
			children = (
				BB32FACA24216FCA003E6DAF /* AppDelegate.swift */,
				BB32FACC24216FCA003E6DAF /* SceneDelegate.swift */,
				BB32FAD324216FCC003E6DAF /* Assets.xcassets */,
				BB32FAD524216FCC003E6DAF /* LaunchScreen.storyboard */,
			);
			path = Resources;
			sourceTree = "<group>";
		};
		BB32FADF24216FF8003E6DAF /* View */ = {
			isa = PBXGroup;
			children = (
				BB32FAD024216FCA003E6DAF /* Main.storyboard */,
			);
			path = View;
			sourceTree = "<group>";
		};
		BB32FAE024217003003E6DAF /* View Controller */ = {
			isa = PBXGroup;
			children = (
				BB32FACE24216FCA003E6DAF /* ViewController.swift */,
			);
			path = "View Controller";
			sourceTree = "<group>";
		};
		BB32FAE124217011003E6DAF /* Models */ = {
			isa = PBXGroup;
			children = (
			);
			path = Models;
			sourceTree = "<group>";
		};
/* End PBXGroup section */

/* Begin PBXNativeTarget section */
		BB32FAC624216FCA003E6DAF /* ScatterAndGather */ = {
			isa = PBXNativeTarget;
			buildConfigurationList = BB32FADB24216FCC003E6DAF /* Build configuration list for PBXNativeTarget "ScatterAndGather" */;
			buildPhases = (
				BB32FAC324216FCA003E6DAF /* Sources */,
				BB32FAC424216FCA003E6DAF /* Frameworks */,
				BB32FAC524216FCA003E6DAF /* Resources */,
			);
			buildRules = (
			);
			dependencies = (
			);
			name = ScatterAndGather;
			productName = ScatterAndGather;
			productReference = BB32FAC724216FCA003E6DAF /* ScatterAndGather.app */;
			productType = "com.apple.product-type.application";
		};
/* End PBXNativeTarget section */

/* Begin PBXProject section */
		BB32FABF24216FC9003E6DAF /* Project object */ = {
			isa = PBXProject;
			attributes = {
				LastSwiftUpdateCheck = 1130;
				LastUpgradeCheck = 1130;
				ORGANIZATIONNAME = DeVitoC;
				TargetAttributes = {
					BB32FAC624216FCA003E6DAF = {
						CreatedOnToolsVersion = 11.3.1;
					};
				};
			};
			buildConfigurationList = BB32FAC224216FC9003E6DAF /* Build configuration list for PBXProject "ScatterAndGather" */;
			compatibilityVersion = "Xcode 9.3";
			developmentRegion = en;
			hasScannedForEncodings = 0;
			knownRegions = (
				en,
				Base,
			);
			mainGroup = BB32FABE24216FC9003E6DAF;
			productRefGroup = BB32FAC824216FCA003E6DAF /* Products */;
			projectDirPath = "";
			projectRoot = "";
			targets = (
				BB32FAC624216FCA003E6DAF /* ScatterAndGather */,
			);
		};
/* End PBXProject section */

/* Begin PBXResourcesBuildPhase section */
		BB32FAC524216FCA003E6DAF /* Resources */ = {
			isa = PBXResourcesBuildPhase;
			buildActionMask = 2147483647;
			files = (
				BB32FAD724216FCC003E6DAF /* LaunchScreen.storyboard in Resources */,
				BB32FAD424216FCC003E6DAF /* Assets.xcassets in Resources */,
				BB32FAD224216FCA003E6DAF /* Main.storyboard in Resources */,
			);
			runOnlyForDeploymentPostprocessing = 0;
		};
/* End PBXResourcesBuildPhase section */

/* Begin PBXSourcesBuildPhase section */
		BB32FAC324216FCA003E6DAF /* Sources */ = {
			isa = PBXSourcesBuildPhase;
			buildActionMask = 2147483647;
			files = (
				BB32FACF24216FCA003E6DAF /* ViewController.swift in Sources */,
				BB32FACB24216FCA003E6DAF /* AppDelegate.swift in Sources */,
				BB32FACD24216FCA003E6DAF /* SceneDelegate.swift in Sources */,
			);
			runOnlyForDeploymentPostprocessing = 0;
		};
/* End PBXSourcesBuildPhase section */

/* Begin PBXVariantGroup section */
		BB32FAD024216FCA003E6DAF /* Main.storyboard */ = {
			isa = PBXVariantGroup;
			children = (
				BB32FAD124216FCA003E6DAF /* Base */,
			);
			name = Main.storyboard;
			sourceTree = "<group>";
		};
		BB32FAD524216FCC003E6DAF /* LaunchScreen.storyboard */ = {
			isa = PBXVariantGroup;
			children = (
				BB32FAD624216FCC003E6DAF /* Base */,
			);
			name = LaunchScreen.storyboard;
			sourceTree = "<group>";
		};
/* End PBXVariantGroup section */

/* Begin XCBuildConfiguration section */
		BB32FAD924216FCC003E6DAF /* Debug */ = {
			isa = XCBuildConfiguration;
			buildSettings = {
				ALWAYS_SEARCH_USER_PATHS = NO;
				CLANG_ANALYZER_NONNULL = YES;
				CLANG_ANALYZER_NUMBER_OBJECT_CONVERSION = YES_AGGRESSIVE;
				CLANG_CXX_LANGUAGE_STANDARD = "gnu++14";
				CLANG_CXX_LIBRARY = "libc++";
				CLANG_ENABLE_MODULES = YES;
				CLANG_ENABLE_OBJC_ARC = YES;
				CLANG_ENABLE_OBJC_WEAK = YES;
				CLANG_WARN_BLOCK_CAPTURE_AUTORELEASING = YES;
				CLANG_WARN_BOOL_CONVERSION = YES;
				CLANG_WARN_COMMA = YES;
				CLANG_WARN_CONSTANT_CONVERSION = YES;
				CLANG_WARN_DEPRECATED_OBJC_IMPLEMENTATIONS = YES;
				CLANG_WARN_DIRECT_OBJC_ISA_USAGE = YES_ERROR;
				CLANG_WARN_DOCUMENTATION_COMMENTS = YES;
				CLANG_WARN_EMPTY_BODY = YES;
				CLANG_WARN_ENUM_CONVERSION = YES;
				CLANG_WARN_INFINITE_RECURSION = YES;
				CLANG_WARN_INT_CONVERSION = YES;
				CLANG_WARN_NON_LITERAL_NULL_CONVERSION = YES;
				CLANG_WARN_OBJC_IMPLICIT_RETAIN_SELF = YES;
				CLANG_WARN_OBJC_LITERAL_CONVERSION = YES;
				CLANG_WARN_OBJC_ROOT_CLASS = YES_ERROR;
				CLANG_WARN_RANGE_LOOP_ANALYSIS = YES;
				CLANG_WARN_STRICT_PROTOTYPES = YES;
				CLANG_WARN_SUSPICIOUS_MOVE = YES;
				CLANG_WARN_UNGUARDED_AVAILABILITY = YES_AGGRESSIVE;
				CLANG_WARN_UNREACHABLE_CODE = YES;
				CLANG_WARN__DUPLICATE_METHOD_MATCH = YES;
				COPY_PHASE_STRIP = NO;
				DEBUG_INFORMATION_FORMAT = dwarf;
				ENABLE_STRICT_OBJC_MSGSEND = YES;
				ENABLE_TESTABILITY = YES;
				GCC_C_LANGUAGE_STANDARD = gnu11;
				GCC_DYNAMIC_NO_PIC = NO;
				GCC_NO_COMMON_BLOCKS = YES;
				GCC_OPTIMIZATION_LEVEL = 0;
				GCC_PREPROCESSOR_DEFINITIONS = (
					"DEBUG=1",
					"$(inherited)",
				);
				GCC_WARN_64_TO_32_BIT_CONVERSION = YES;
				GCC_WARN_ABOUT_RETURN_TYPE = YES_ERROR;
				GCC_WARN_UNDECLARED_SELECTOR = YES;
				GCC_WARN_UNINITIALIZED_AUTOS = YES_AGGRESSIVE;
				GCC_WARN_UNUSED_FUNCTION = YES;
				GCC_WARN_UNUSED_VARIABLE = YES;
				IPHONEOS_DEPLOYMENT_TARGET = 13.2;
				MTL_ENABLE_DEBUG_INFO = INCLUDE_SOURCE;
				MTL_FAST_MATH = YES;
				ONLY_ACTIVE_ARCH = YES;
				SDKROOT = iphoneos;
				SWIFT_ACTIVE_COMPILATION_CONDITIONS = DEBUG;
				SWIFT_OPTIMIZATION_LEVEL = "-Onone";
			};
			name = Debug;
		};
		BB32FADA24216FCC003E6DAF /* Release */ = {
			isa = XCBuildConfiguration;
			buildSettings = {
				ALWAYS_SEARCH_USER_PATHS = NO;
				CLANG_ANALYZER_NONNULL = YES;
				CLANG_ANALYZER_NUMBER_OBJECT_CONVERSION = YES_AGGRESSIVE;
				CLANG_CXX_LANGUAGE_STANDARD = "gnu++14";
				CLANG_CXX_LIBRARY = "libc++";
				CLANG_ENABLE_MODULES = YES;
				CLANG_ENABLE_OBJC_ARC = YES;
				CLANG_ENABLE_OBJC_WEAK = YES;
				CLANG_WARN_BLOCK_CAPTURE_AUTORELEASING = YES;
				CLANG_WARN_BOOL_CONVERSION = YES;
				CLANG_WARN_COMMA = YES;
				CLANG_WARN_CONSTANT_CONVERSION = YES;
				CLANG_WARN_DEPRECATED_OBJC_IMPLEMENTATIONS = YES;
				CLANG_WARN_DIRECT_OBJC_ISA_USAGE = YES_ERROR;
				CLANG_WARN_DOCUMENTATION_COMMENTS = YES;
				CLANG_WARN_EMPTY_BODY = YES;
				CLANG_WARN_ENUM_CONVERSION = YES;
				CLANG_WARN_INFINITE_RECURSION = YES;
				CLANG_WARN_INT_CONVERSION = YES;
				CLANG_WARN_NON_LITERAL_NULL_CONVERSION = YES;
				CLANG_WARN_OBJC_IMPLICIT_RETAIN_SELF = YES;
				CLANG_WARN_OBJC_LITERAL_CONVERSION = YES;
				CLANG_WARN_OBJC_ROOT_CLASS = YES_ERROR;
				CLANG_WARN_RANGE_LOOP_ANALYSIS = YES;
				CLANG_WARN_STRICT_PROTOTYPES = YES;
				CLANG_WARN_SUSPICIOUS_MOVE = YES;
				CLANG_WARN_UNGUARDED_AVAILABILITY = YES_AGGRESSIVE;
				CLANG_WARN_UNREACHABLE_CODE = YES;
				CLANG_WARN__DUPLICATE_METHOD_MATCH = YES;
				COPY_PHASE_STRIP = NO;
				DEBUG_INFORMATION_FORMAT = "dwarf-with-dsym";
				ENABLE_NS_ASSERTIONS = NO;
				ENABLE_STRICT_OBJC_MSGSEND = YES;
				GCC_C_LANGUAGE_STANDARD = gnu11;
				GCC_NO_COMMON_BLOCKS = YES;
				GCC_WARN_64_TO_32_BIT_CONVERSION = YES;
				GCC_WARN_ABOUT_RETURN_TYPE = YES_ERROR;
				GCC_WARN_UNDECLARED_SELECTOR = YES;
				GCC_WARN_UNINITIALIZED_AUTOS = YES_AGGRESSIVE;
				GCC_WARN_UNUSED_FUNCTION = YES;
				GCC_WARN_UNUSED_VARIABLE = YES;
				IPHONEOS_DEPLOYMENT_TARGET = 13.2;
				MTL_ENABLE_DEBUG_INFO = NO;
				MTL_FAST_MATH = YES;
				SDKROOT = iphoneos;
				SWIFT_COMPILATION_MODE = wholemodule;
				SWIFT_OPTIMIZATION_LEVEL = "-O";
				VALIDATE_PRODUCT = YES;
			};
			name = Release;
		};
		BB32FADC24216FCC003E6DAF /* Debug */ = {
			isa = XCBuildConfiguration;
			buildSettings = {
				ASSETCATALOG_COMPILER_APPICON_NAME = AppIcon;
				CODE_SIGN_STYLE = Automatic;
				DEVELOPMENT_TEAM = 8825K9HH49;
				INFOPLIST_FILE = ScatterAndGather/Info.plist;
				LD_RUNPATH_SEARCH_PATHS = (
					"$(inherited)",
					"@executable_path/Frameworks",
				);
				PRODUCT_BUNDLE_IDENTIFIER = com.ChristopherDeVito.ScatterAndGather;
				PRODUCT_NAME = "$(TARGET_NAME)";
				SWIFT_VERSION = 5.0;
				TARGETED_DEVICE_FAMILY = "1,2";
			};
			name = Debug;
		};
		BB32FADD24216FCC003E6DAF /* Release */ = {
			isa = XCBuildConfiguration;
			buildSettings = {
				ASSETCATALOG_COMPILER_APPICON_NAME = AppIcon;
				CODE_SIGN_STYLE = Automatic;
				DEVELOPMENT_TEAM = 8825K9HH49;
				INFOPLIST_FILE = ScatterAndGather/Info.plist;
				LD_RUNPATH_SEARCH_PATHS = (
					"$(inherited)",
					"@executable_path/Frameworks",
				);
				PRODUCT_BUNDLE_IDENTIFIER = com.ChristopherDeVito.ScatterAndGather;
				PRODUCT_NAME = "$(TARGET_NAME)";
				SWIFT_VERSION = 5.0;
				TARGETED_DEVICE_FAMILY = "1,2";
			};
			name = Release;
		};
/* End XCBuildConfiguration section */

/* Begin XCConfigurationList section */
		BB32FAC224216FC9003E6DAF /* Build configuration list for PBXProject "ScatterAndGather" */ = {
			isa = XCConfigurationList;
			buildConfigurations = (
				BB32FAD924216FCC003E6DAF /* Debug */,
				BB32FADA24216FCC003E6DAF /* Release */,
			);
			defaultConfigurationIsVisible = 0;
			defaultConfigurationName = Release;
		};
		BB32FADB24216FCC003E6DAF /* Build configuration list for PBXNativeTarget "ScatterAndGather" */ = {
			isa = XCConfigurationList;
			buildConfigurations = (
				BB32FADC24216FCC003E6DAF /* Debug */,
				BB32FADD24216FCC003E6DAF /* Release */,
			);
			defaultConfigurationIsVisible = 0;
			defaultConfigurationName = Release;
		};
/* End XCConfigurationList section */
	};
	rootObject = BB32FABF24216FC9003E6DAF /* Project object */;
}
