// !$*UTF8*$!
{
	archiveVersion = 1;
	classes = {
	};
	objectVersion = 50;
	objects = {

/* Begin PBXBuildFile section */
		BBFCC5D623720C5100D191BF /* AppDelegate.swift in Sources */ = {isa = PBXBuildFile; fileRef = BBFCC5D523720C5100D191BF /* AppDelegate.swift */; };
		BBFCC5D823720C5100D191BF /* SceneDelegate.swift in Sources */ = {isa = PBXBuildFile; fileRef = BBFCC5D723720C5100D191BF /* SceneDelegate.swift */; };
		BBFCC5DA23720C5100D191BF /* ViewController.swift in Sources */ = {isa = PBXBuildFile; fileRef = BBFCC5D923720C5100D191BF /* ViewController.swift */; };
		BBFCC5DD23720C5100D191BF /* Main.storyboard in Resources */ = {isa = PBXBuildFile; fileRef = BBFCC5DB23720C5100D191BF /* Main.storyboard */; };
		BBFCC5DF23720C5200D191BF /* Assets.xcassets in Resources */ = {isa = PBXBuildFile; fileRef = BBFCC5DE23720C5200D191BF /* Assets.xcassets */; };
		BBFCC5E223720C5200D191BF /* LaunchScreen.storyboard in Resources */ = {isa = PBXBuildFile; fileRef = BBFCC5E023720C5200D191BF /* LaunchScreen.storyboard */; };
/* End PBXBuildFile section */

/* Begin PBXFileReference section */
		BBFCC5D223720C5100D191BF /* Scatter-and-gather.app */ = {isa = PBXFileReference; explicitFileType = wrapper.application; includeInIndex = 0; path = "Scatter-and-gather.app"; sourceTree = BUILT_PRODUCTS_DIR; };
		BBFCC5D523720C5100D191BF /* AppDelegate.swift */ = {isa = PBXFileReference; lastKnownFileType = sourcecode.swift; path = AppDelegate.swift; sourceTree = "<group>"; };
		BBFCC5D723720C5100D191BF /* SceneDelegate.swift */ = {isa = PBXFileReference; lastKnownFileType = sourcecode.swift; path = SceneDelegate.swift; sourceTree = "<group>"; };
		BBFCC5D923720C5100D191BF /* ViewController.swift */ = {isa = PBXFileReference; lastKnownFileType = sourcecode.swift; path = ViewController.swift; sourceTree = "<group>"; };
		BBFCC5DC23720C5100D191BF /* Base */ = {isa = PBXFileReference; lastKnownFileType = file.storyboard; name = Base; path = Base.lproj/Main.storyboard; sourceTree = "<group>"; };
		BBFCC5DE23720C5200D191BF /* Assets.xcassets */ = {isa = PBXFileReference; lastKnownFileType = folder.assetcatalog; path = Assets.xcassets; sourceTree = "<group>"; };
		BBFCC5E123720C5200D191BF /* Base */ = {isa = PBXFileReference; lastKnownFileType = file.storyboard; name = Base; path = Base.lproj/LaunchScreen.storyboard; sourceTree = "<group>"; };
		BBFCC5E323720C5200D191BF /* Info.plist */ = {isa = PBXFileReference; lastKnownFileType = text.plist.xml; path = Info.plist; sourceTree = "<group>"; };
/* End PBXFileReference section */

/* Begin PBXFrameworksBuildPhase section */
		BBFCC5CF23720C5100D191BF /* Frameworks */ = {
			isa = PBXFrameworksBuildPhase;
			buildActionMask = 2147483647;
			files = (
			);
			runOnlyForDeploymentPostprocessing = 0;
		};
/* End PBXFrameworksBuildPhase section */

/* Begin PBXGroup section */
		BBFCC5C923720C5100D191BF = {
			isa = PBXGroup;
			children = (
				BBFCC5D423720C5100D191BF /* Scatter-and-gather */,
				BBFCC5D323720C5100D191BF /* Products */,
			);
			sourceTree = "<group>";
		};
		BBFCC5D323720C5100D191BF /* Products */ = {
			isa = PBXGroup;
			children = (
				BBFCC5D223720C5100D191BF /* Scatter-and-gather.app */,
			);
			name = Products;
			sourceTree = "<group>";
		};
		BBFCC5D423720C5100D191BF /* Scatter-and-gather */ = {
			isa = PBXGroup;
			children = (
				BBFCC5D523720C5100D191BF /* AppDelegate.swift */,
				BBFCC5D723720C5100D191BF /* SceneDelegate.swift */,
				BBFCC5D923720C5100D191BF /* ViewController.swift */,
				BBFCC5DB23720C5100D191BF /* Main.storyboard */,
				BBFCC5DE23720C5200D191BF /* Assets.xcassets */,
				BBFCC5E023720C5200D191BF /* LaunchScreen.storyboard */,
				BBFCC5E323720C5200D191BF /* Info.plist */,
			);
			path = "Scatter-and-gather";
			sourceTree = "<group>";
		};
/* End PBXGroup section */

/* Begin PBXNativeTarget section */
		BBFCC5D123720C5100D191BF /* Scatter-and-gather */ = {
			isa = PBXNativeTarget;
			buildConfigurationList = BBFCC5E623720C5200D191BF /* Build configuration list for PBXNativeTarget "Scatter-and-gather" */;
			buildPhases = (
				BBFCC5CE23720C5100D191BF /* Sources */,
				BBFCC5CF23720C5100D191BF /* Frameworks */,
				BBFCC5D023720C5100D191BF /* Resources */,
			);
			buildRules = (
			);
			dependencies = (
			);
			name = "Scatter-and-gather";
			productName = "Scatter-and-gather";
			productReference = BBFCC5D223720C5100D191BF /* Scatter-and-gather.app */;
			productType = "com.apple.product-type.application";
		};
/* End PBXNativeTarget section */

/* Begin PBXProject section */
		BBFCC5CA23720C5100D191BF /* Project object */ = {
			isa = PBXProject;
			attributes = {
				LastSwiftUpdateCheck = 1110;
				LastUpgradeCheck = 1110;
				ORGANIZATIONNAME = "Lambda School";
				TargetAttributes = {
					BBFCC5D123720C5100D191BF = {
						CreatedOnToolsVersion = 11.1;
					};
				};
			};
			buildConfigurationList = BBFCC5CD23720C5100D191BF /* Build configuration list for PBXProject "Scatter-and-gather" */;
			compatibilityVersion = "Xcode 9.3";
			developmentRegion = en;
			hasScannedForEncodings = 0;
			knownRegions = (
				en,
				Base,
			);
			mainGroup = BBFCC5C923720C5100D191BF;
			productRefGroup = BBFCC5D323720C5100D191BF /* Products */;
			projectDirPath = "";
			projectRoot = "";
			targets = (
				BBFCC5D123720C5100D191BF /* Scatter-and-gather */,
			);
		};
/* End PBXProject section */

/* Begin PBXResourcesBuildPhase section */
		BBFCC5D023720C5100D191BF /* Resources */ = {
			isa = PBXResourcesBuildPhase;
			buildActionMask = 2147483647;
			files = (
				BBFCC5E223720C5200D191BF /* LaunchScreen.storyboard in Resources */,
				BBFCC5DF23720C5200D191BF /* Assets.xcassets in Resources */,
				BBFCC5DD23720C5100D191BF /* Main.storyboard in Resources */,
			);
			runOnlyForDeploymentPostprocessing = 0;
		};
/* End PBXResourcesBuildPhase section */

/* Begin PBXSourcesBuildPhase section */
		BBFCC5CE23720C5100D191BF /* Sources */ = {
			isa = PBXSourcesBuildPhase;
			buildActionMask = 2147483647;
			files = (
				BBFCC5DA23720C5100D191BF /* ViewController.swift in Sources */,
				BBFCC5D623720C5100D191BF /* AppDelegate.swift in Sources */,
				BBFCC5D823720C5100D191BF /* SceneDelegate.swift in Sources */,
			);
			runOnlyForDeploymentPostprocessing = 0;
		};
/* End PBXSourcesBuildPhase section */

/* Begin PBXVariantGroup section */
		BBFCC5DB23720C5100D191BF /* Main.storyboard */ = {
			isa = PBXVariantGroup;
			children = (
				BBFCC5DC23720C5100D191BF /* Base */,
			);
			name = Main.storyboard;
			sourceTree = "<group>";
		};
		BBFCC5E023720C5200D191BF /* LaunchScreen.storyboard */ = {
			isa = PBXVariantGroup;
			children = (
				BBFCC5E123720C5200D191BF /* Base */,
			);
			name = LaunchScreen.storyboard;
			sourceTree = "<group>";
		};
/* End PBXVariantGroup section */

/* Begin XCBuildConfiguration section */
		BBFCC5E423720C5200D191BF /* Debug */ = {
			isa = XCBuildConfiguration;
			buildSettings = {
				ALWAYS_SEARCH_USER_PATHS = NO;
				CLANG_ANALYZER_NONNULL = YES;
				CLANG_ANALYZER_NUMBER_OBJECT_CONVERSION = YES_AGGRESSIVE;
				CLANG_CXX_LANGUAGE_STANDARD = "gnu++14";
				CLANG_CXX_LIBRARY = "libc++";
				CLANG_ENABLE_MODULES = YES;
				CLANG_ENABLE_OBJC_ARC = YES;
				CLANG_ENABLE_OBJC_WEAK = YES;
				CLANG_WARN_BLOCK_CAPTURE_AUTORELEASING = YES;
				CLANG_WARN_BOOL_CONVERSION = YES;
				CLANG_WARN_COMMA = YES;
				CLANG_WARN_CONSTANT_CONVERSION = YES;
				CLANG_WARN_DEPRECATED_OBJC_IMPLEMENTATIONS = YES;
				CLANG_WARN_DIRECT_OBJC_ISA_USAGE = YES_ERROR;
				CLANG_WARN_DOCUMENTATION_COMMENTS = YES;
				CLANG_WARN_EMPTY_BODY = YES;
				CLANG_WARN_ENUM_CONVERSION = YES;
				CLANG_WARN_INFINITE_RECURSION = YES;
				CLANG_WARN_INT_CONVERSION = YES;
				CLANG_WARN_NON_LITERAL_NULL_CONVERSION = YES;
				CLANG_WARN_OBJC_IMPLICIT_RETAIN_SELF = YES;
				CLANG_WARN_OBJC_LITERAL_CONVERSION = YES;
				CLANG_WARN_OBJC_ROOT_CLASS = YES_ERROR;
				CLANG_WARN_RANGE_LOOP_ANALYSIS = YES;
				CLANG_WARN_STRICT_PROTOTYPES = YES;
				CLANG_WARN_SUSPICIOUS_MOVE = YES;
				CLANG_WARN_UNGUARDED_AVAILABILITY = YES_AGGRESSIVE;
				CLANG_WARN_UNREACHABLE_CODE = YES;
				CLANG_WARN__DUPLICATE_METHOD_MATCH = YES;
				COPY_PHASE_STRIP = NO;
				DEBUG_INFORMATION_FORMAT = dwarf;
				ENABLE_STRICT_OBJC_MSGSEND = YES;
				ENABLE_TESTABILITY = YES;
				GCC_C_LANGUAGE_STANDARD = gnu11;
				GCC_DYNAMIC_NO_PIC = NO;
				GCC_NO_COMMON_BLOCKS = YES;
				GCC_OPTIMIZATION_LEVEL = 0;
				GCC_PREPROCESSOR_DEFINITIONS = (
					"DEBUG=1",
					"$(inherited)",
				);
				GCC_WARN_64_TO_32_BIT_CONVERSION = YES;
				GCC_WARN_ABOUT_RETURN_TYPE = YES_ERROR;
				GCC_WARN_UNDECLARED_SELECTOR = YES;
				GCC_WARN_UNINITIALIZED_AUTOS = YES_AGGRESSIVE;
				GCC_WARN_UNUSED_FUNCTION = YES;
				GCC_WARN_UNUSED_VARIABLE = YES;
				IPHONEOS_DEPLOYMENT_TARGET = 13.1;
				MTL_ENABLE_DEBUG_INFO = INCLUDE_SOURCE;
				MTL_FAST_MATH = YES;
				ONLY_ACTIVE_ARCH = YES;
				SDKROOT = iphoneos;
				SWIFT_ACTIVE_COMPILATION_CONDITIONS = DEBUG;
				SWIFT_OPTIMIZATION_LEVEL = "-Onone";
			};
			name = Debug;
		};
		BBFCC5E523720C5200D191BF /* Release */ = {
			isa = XCBuildConfiguration;
			buildSettings = {
				ALWAYS_SEARCH_USER_PATHS = NO;
				CLANG_ANALYZER_NONNULL = YES;
				CLANG_ANALYZER_NUMBER_OBJECT_CONVERSION = YES_AGGRESSIVE;
				CLANG_CXX_LANGUAGE_STANDARD = "gnu++14";
				CLANG_CXX_LIBRARY = "libc++";
				CLANG_ENABLE_MODULES = YES;
				CLANG_ENABLE_OBJC_ARC = YES;
				CLANG_ENABLE_OBJC_WEAK = YES;
				CLANG_WARN_BLOCK_CAPTURE_AUTORELEASING = YES;
				CLANG_WARN_BOOL_CONVERSION = YES;
				CLANG_WARN_COMMA = YES;
				CLANG_WARN_CONSTANT_CONVERSION = YES;
				CLANG_WARN_DEPRECATED_OBJC_IMPLEMENTATIONS = YES;
				CLANG_WARN_DIRECT_OBJC_ISA_USAGE = YES_ERROR;
				CLANG_WARN_DOCUMENTATION_COMMENTS = YES;
				CLANG_WARN_EMPTY_BODY = YES;
				CLANG_WARN_ENUM_CONVERSION = YES;
				CLANG_WARN_INFINITE_RECURSION = YES;
				CLANG_WARN_INT_CONVERSION = YES;
				CLANG_WARN_NON_LITERAL_NULL_CONVERSION = YES;
				CLANG_WARN_OBJC_IMPLICIT_RETAIN_SELF = YES;
				CLANG_WARN_OBJC_LITERAL_CONVERSION = YES;
				CLANG_WARN_OBJC_ROOT_CLASS = YES_ERROR;
				CLANG_WARN_RANGE_LOOP_ANALYSIS = YES;
				CLANG_WARN_STRICT_PROTOTYPES = YES;
				CLANG_WARN_SUSPICIOUS_MOVE = YES;
				CLANG_WARN_UNGUARDED_AVAILABILITY = YES_AGGRESSIVE;
				CLANG_WARN_UNREACHABLE_CODE = YES;
				CLANG_WARN__DUPLICATE_METHOD_MATCH = YES;
				COPY_PHASE_STRIP = NO;
				DEBUG_INFORMATION_FORMAT = "dwarf-with-dsym";
				ENABLE_NS_ASSERTIONS = NO;
				ENABLE_STRICT_OBJC_MSGSEND = YES;
				GCC_C_LANGUAGE_STANDARD = gnu11;
				GCC_NO_COMMON_BLOCKS = YES;
				GCC_WARN_64_TO_32_BIT_CONVERSION = YES;
				GCC_WARN_ABOUT_RETURN_TYPE = YES_ERROR;
				GCC_WARN_UNDECLARED_SELECTOR = YES;
				GCC_WARN_UNINITIALIZED_AUTOS = YES_AGGRESSIVE;
				GCC_WARN_UNUSED_FUNCTION = YES;
				GCC_WARN_UNUSED_VARIABLE = YES;
				IPHONEOS_DEPLOYMENT_TARGET = 13.1;
				MTL_ENABLE_DEBUG_INFO = NO;
				MTL_FAST_MATH = YES;
				SDKROOT = iphoneos;
				SWIFT_COMPILATION_MODE = wholemodule;
				SWIFT_OPTIMIZATION_LEVEL = "-O";
				VALIDATE_PRODUCT = YES;
			};
			name = Release;
		};
		BBFCC5E723720C5200D191BF /* Debug */ = {
			isa = XCBuildConfiguration;
			buildSettings = {
				ASSETCATALOG_COMPILER_APPICON_NAME = AppIcon;
				CODE_SIGN_STYLE = Automatic;
				INFOPLIST_FILE = "Scatter-and-gather/Info.plist";
				LD_RUNPATH_SEARCH_PATHS = (
					"$(inherited)",
					"@executable_path/Frameworks",
				);
				PRODUCT_BUNDLE_IDENTIFIER = "com.lambdaschool.Scatter-and-gather";
				PRODUCT_NAME = "$(TARGET_NAME)";
				SWIFT_VERSION = 5.0;
				TARGETED_DEVICE_FAMILY = "1,2";
			};
			name = Debug;
		};
		BBFCC5E823720C5200D191BF /* Release */ = {
			isa = XCBuildConfiguration;
			buildSettings = {
				ASSETCATALOG_COMPILER_APPICON_NAME = AppIcon;
				CODE_SIGN_STYLE = Automatic;
				INFOPLIST_FILE = "Scatter-and-gather/Info.plist";
				LD_RUNPATH_SEARCH_PATHS = (
					"$(inherited)",
					"@executable_path/Frameworks",
				);
				PRODUCT_BUNDLE_IDENTIFIER = "com.lambdaschool.Scatter-and-gather";
				PRODUCT_NAME = "$(TARGET_NAME)";
				SWIFT_VERSION = 5.0;
				TARGETED_DEVICE_FAMILY = "1,2";
			};
			name = Release;
		};
/* End XCBuildConfiguration section */

/* Begin XCConfigurationList section */
		BBFCC5CD23720C5100D191BF /* Build configuration list for PBXProject "Scatter-and-gather" */ = {
			isa = XCConfigurationList;
			buildConfigurations = (
				BBFCC5E423720C5200D191BF /* Debug */,
				BBFCC5E523720C5200D191BF /* Release */,
			);
			defaultConfigurationIsVisible = 0;
			defaultConfigurationName = Release;
		};
		BBFCC5E623720C5200D191BF /* Build configuration list for PBXNativeTarget "Scatter-and-gather" */ = {
			isa = XCConfigurationList;
			buildConfigurations = (
				BBFCC5E723720C5200D191BF /* Debug */,
				BBFCC5E823720C5200D191BF /* Release */,
			);
			defaultConfigurationIsVisible = 0;
			defaultConfigurationName = Release;
		};
/* End XCConfigurationList section */
	};
	rootObject = BBFCC5CA23720C5100D191BF /* Project object */;
}
