// !$*UTF8*$!
{
	archiveVersion = 1;
	classes = {
	};
	objectVersion = 50;
	objects = {

/* Begin PBXBuildFile section */
		515EC95A2478488B00BEEF3E /* AppDelegate.swift in Sources */ = {isa = PBXBuildFile; fileRef = 515EC9592478488B00BEEF3E /* AppDelegate.swift */; };
		515EC95C2478488B00BEEF3E /* SceneDelegate.swift in Sources */ = {isa = PBXBuildFile; fileRef = 515EC95B2478488B00BEEF3E /* SceneDelegate.swift */; };
		515EC9612478488B00BEEF3E /* Main.storyboard in Resources */ = {isa = PBXBuildFile; fileRef = 515EC95F2478488B00BEEF3E /* Main.storyboard */; };
		515EC9632478488D00BEEF3E /* Assets.xcassets in Resources */ = {isa = PBXBuildFile; fileRef = 515EC9622478488D00BEEF3E /* Assets.xcassets */; };
		515EC9662478488D00BEEF3E /* LaunchScreen.storyboard in Resources */ = {isa = PBXBuildFile; fileRef = 515EC9642478488D00BEEF3E /* LaunchScreen.storyboard */; };
		515EC96E24784A1800BEEF3E /* AnimationViewController.swift in Sources */ = {isa = PBXBuildFile; fileRef = 515EC96D24784A1800BEEF3E /* AnimationViewController.swift */; };
/* End PBXBuildFile section */

/* Begin PBXFileReference section */
		515EC9562478488B00BEEF3E /* ScatterAndGatherAnimations.app */ = {isa = PBXFileReference; explicitFileType = wrapper.application; includeInIndex = 0; path = ScatterAndGatherAnimations.app; sourceTree = BUILT_PRODUCTS_DIR; };
		515EC9592478488B00BEEF3E /* AppDelegate.swift */ = {isa = PBXFileReference; lastKnownFileType = sourcecode.swift; path = AppDelegate.swift; sourceTree = "<group>"; };
		515EC95B2478488B00BEEF3E /* SceneDelegate.swift */ = {isa = PBXFileReference; lastKnownFileType = sourcecode.swift; path = SceneDelegate.swift; sourceTree = "<group>"; };
		515EC9602478488B00BEEF3E /* Base */ = {isa = PBXFileReference; lastKnownFileType = file.storyboard; name = Base; path = Base.lproj/Main.storyboard; sourceTree = "<group>"; };
		515EC9622478488D00BEEF3E /* Assets.xcassets */ = {isa = PBXFileReference; lastKnownFileType = folder.assetcatalog; path = Assets.xcassets; sourceTree = "<group>"; };
		515EC9652478488D00BEEF3E /* Base */ = {isa = PBXFileReference; lastKnownFileType = file.storyboard; name = Base; path = Base.lproj/LaunchScreen.storyboard; sourceTree = "<group>"; };
		515EC9672478488D00BEEF3E /* Info.plist */ = {isa = PBXFileReference; lastKnownFileType = text.plist.xml; path = Info.plist; sourceTree = "<group>"; };
		515EC96D24784A1800BEEF3E /* AnimationViewController.swift */ = {isa = PBXFileReference; lastKnownFileType = sourcecode.swift; path = AnimationViewController.swift; sourceTree = "<group>"; };
/* End PBXFileReference section */

/* Begin PBXFrameworksBuildPhase section */
		515EC9532478488B00BEEF3E /* Frameworks */ = {
			isa = PBXFrameworksBuildPhase;
			buildActionMask = 2147483647;
			files = (
			);
			runOnlyForDeploymentPostprocessing = 0;
		};
/* End PBXFrameworksBuildPhase section */

/* Begin PBXGroup section */
		515EC94D2478488B00BEEF3E = {
			isa = PBXGroup;
			children = (
				515EC9582478488B00BEEF3E /* ScatterAndGatherAnimations */,
				515EC9572478488B00BEEF3E /* Products */,
			);
			sourceTree = "<group>";
		};
		515EC9572478488B00BEEF3E /* Products */ = {
			isa = PBXGroup;
			children = (
				515EC9562478488B00BEEF3E /* ScatterAndGatherAnimations.app */,
			);
			name = Products;
			sourceTree = "<group>";
		};
		515EC9582478488B00BEEF3E /* ScatterAndGatherAnimations */ = {
			isa = PBXGroup;
			children = (
				515EC9592478488B00BEEF3E /* AppDelegate.swift */,
				515EC95B2478488B00BEEF3E /* SceneDelegate.swift */,
				515EC96D24784A1800BEEF3E /* AnimationViewController.swift */,
				515EC95F2478488B00BEEF3E /* Main.storyboard */,
				515EC9622478488D00BEEF3E /* Assets.xcassets */,
				515EC9642478488D00BEEF3E /* LaunchScreen.storyboard */,
				515EC9672478488D00BEEF3E /* Info.plist */,
			);
			path = ScatterAndGatherAnimations;
			sourceTree = "<group>";
		};
/* End PBXGroup section */

/* Begin PBXNativeTarget section */
		515EC9552478488B00BEEF3E /* ScatterAndGatherAnimations */ = {
			isa = PBXNativeTarget;
			buildConfigurationList = 515EC96A2478488D00BEEF3E /* Build configuration list for PBXNativeTarget "ScatterAndGatherAnimations" */;
			buildPhases = (
				515EC9522478488B00BEEF3E /* Sources */,
				515EC9532478488B00BEEF3E /* Frameworks */,
				515EC9542478488B00BEEF3E /* Resources */,
			);
			buildRules = (
			);
			dependencies = (
			);
			name = ScatterAndGatherAnimations;
			productName = ScatterAndGatherAnimations;
			productReference = 515EC9562478488B00BEEF3E /* ScatterAndGatherAnimations.app */;
			productType = "com.apple.product-type.application";
		};
/* End PBXNativeTarget section */

/* Begin PBXProject section */
		515EC94E2478488B00BEEF3E /* Project object */ = {
			isa = PBXProject;
			attributes = {
				LastSwiftUpdateCheck = 1150;
				LastUpgradeCheck = 1150;
				ORGANIZATIONNAME = "Lambda, Inc";
				TargetAttributes = {
					515EC9552478488B00BEEF3E = {
						CreatedOnToolsVersion = 11.5;
					};
				};
			};
			buildConfigurationList = 515EC9512478488B00BEEF3E /* Build configuration list for PBXProject "ScatterAndGatherAnimations" */;
			compatibilityVersion = "Xcode 9.3";
			developmentRegion = en;
			hasScannedForEncodings = 0;
			knownRegions = (
				en,
				Base,
			);
			mainGroup = 515EC94D2478488B00BEEF3E;
			productRefGroup = 515EC9572478488B00BEEF3E /* Products */;
			projectDirPath = "";
			projectRoot = "";
			targets = (
				515EC9552478488B00BEEF3E /* ScatterAndGatherAnimations */,
			);
		};
/* End PBXProject section */

/* Begin PBXResourcesBuildPhase section */
		515EC9542478488B00BEEF3E /* Resources */ = {
			isa = PBXResourcesBuildPhase;
			buildActionMask = 2147483647;
			files = (
				515EC9662478488D00BEEF3E /* LaunchScreen.storyboard in Resources */,
				515EC9632478488D00BEEF3E /* Assets.xcassets in Resources */,
				515EC9612478488B00BEEF3E /* Main.storyboard in Resources */,
			);
			runOnlyForDeploymentPostprocessing = 0;
		};
/* End PBXResourcesBuildPhase section */

/* Begin PBXSourcesBuildPhase section */
		515EC9522478488B00BEEF3E /* Sources */ = {
			isa = PBXSourcesBuildPhase;
			buildActionMask = 2147483647;
			files = (
				515EC96E24784A1800BEEF3E /* AnimationViewController.swift in Sources */,
				515EC95A2478488B00BEEF3E /* AppDelegate.swift in Sources */,
				515EC95C2478488B00BEEF3E /* SceneDelegate.swift in Sources */,
			);
			runOnlyForDeploymentPostprocessing = 0;
		};
/* End PBXSourcesBuildPhase section */

/* Begin PBXVariantGroup section */
		515EC95F2478488B00BEEF3E /* Main.storyboard */ = {
			isa = PBXVariantGroup;
			children = (
				515EC9602478488B00BEEF3E /* Base */,
			);
			name = Main.storyboard;
			sourceTree = "<group>";
		};
		515EC9642478488D00BEEF3E /* LaunchScreen.storyboard */ = {
			isa = PBXVariantGroup;
			children = (
				515EC9652478488D00BEEF3E /* Base */,
			);
			name = LaunchScreen.storyboard;
			sourceTree = "<group>";
		};
/* End PBXVariantGroup section */

/* Begin XCBuildConfiguration section */
		515EC9682478488D00BEEF3E /* Debug */ = {
			isa = XCBuildConfiguration;
			buildSettings = {
				ALWAYS_SEARCH_USER_PATHS = NO;
				CLANG_ANALYZER_NONNULL = YES;
				CLANG_ANALYZER_NUMBER_OBJECT_CONVERSION = YES_AGGRESSIVE;
				CLANG_CXX_LANGUAGE_STANDARD = "gnu++14";
				CLANG_CXX_LIBRARY = "libc++";
				CLANG_ENABLE_MODULES = YES;
				CLANG_ENABLE_OBJC_ARC = YES;
				CLANG_ENABLE_OBJC_WEAK = YES;
				CLANG_WARN_BLOCK_CAPTURE_AUTORELEASING = YES;
				CLANG_WARN_BOOL_CONVERSION = YES;
				CLANG_WARN_COMMA = YES;
				CLANG_WARN_CONSTANT_CONVERSION = YES;
				CLANG_WARN_DEPRECATED_OBJC_IMPLEMENTATIONS = YES;
				CLANG_WARN_DIRECT_OBJC_ISA_USAGE = YES_ERROR;
				CLANG_WARN_DOCUMENTATION_COMMENTS = YES;
				CLANG_WARN_EMPTY_BODY = YES;
				CLANG_WARN_ENUM_CONVERSION = YES;
				CLANG_WARN_INFINITE_RECURSION = YES;
				CLANG_WARN_INT_CONVERSION = YES;
				CLANG_WARN_NON_LITERAL_NULL_CONVERSION = YES;
				CLANG_WARN_OBJC_IMPLICIT_RETAIN_SELF = YES;
				CLANG_WARN_OBJC_LITERAL_CONVERSION = YES;
				CLANG_WARN_OBJC_ROOT_CLASS = YES_ERROR;
				CLANG_WARN_RANGE_LOOP_ANALYSIS = YES;
				CLANG_WARN_STRICT_PROTOTYPES = YES;
				CLANG_WARN_SUSPICIOUS_MOVE = YES;
				CLANG_WARN_UNGUARDED_AVAILABILITY = YES_AGGRESSIVE;
				CLANG_WARN_UNREACHABLE_CODE = YES;
				CLANG_WARN__DUPLICATE_METHOD_MATCH = YES;
				COPY_PHASE_STRIP = NO;
				DEBUG_INFORMATION_FORMAT = dwarf;
				ENABLE_STRICT_OBJC_MSGSEND = YES;
				ENABLE_TESTABILITY = YES;
				GCC_C_LANGUAGE_STANDARD = gnu11;
				GCC_DYNAMIC_NO_PIC = NO;
				GCC_NO_COMMON_BLOCKS = YES;
				GCC_OPTIMIZATION_LEVEL = 0;
				GCC_PREPROCESSOR_DEFINITIONS = (
					"DEBUG=1",
					"$(inherited)",
				);
				GCC_WARN_64_TO_32_BIT_CONVERSION = YES;
				GCC_WARN_ABOUT_RETURN_TYPE = YES_ERROR;
				GCC_WARN_UNDECLARED_SELECTOR = YES;
				GCC_WARN_UNINITIALIZED_AUTOS = YES_AGGRESSIVE;
				GCC_WARN_UNUSED_FUNCTION = YES;
				GCC_WARN_UNUSED_VARIABLE = YES;
				IPHONEOS_DEPLOYMENT_TARGET = 13.5;
				MTL_ENABLE_DEBUG_INFO = INCLUDE_SOURCE;
				MTL_FAST_MATH = YES;
				ONLY_ACTIVE_ARCH = YES;
				SDKROOT = iphoneos;
				SWIFT_ACTIVE_COMPILATION_CONDITIONS = DEBUG;
				SWIFT_OPTIMIZATION_LEVEL = "-Onone";
			};
			name = Debug;
		};
		515EC9692478488D00BEEF3E /* Release */ = {
			isa = XCBuildConfiguration;
			buildSettings = {
				ALWAYS_SEARCH_USER_PATHS = NO;
				CLANG_ANALYZER_NONNULL = YES;
				CLANG_ANALYZER_NUMBER_OBJECT_CONVERSION = YES_AGGRESSIVE;
				CLANG_CXX_LANGUAGE_STANDARD = "gnu++14";
				CLANG_CXX_LIBRARY = "libc++";
				CLANG_ENABLE_MODULES = YES;
				CLANG_ENABLE_OBJC_ARC = YES;
				CLANG_ENABLE_OBJC_WEAK = YES;
				CLANG_WARN_BLOCK_CAPTURE_AUTORELEASING = YES;
				CLANG_WARN_BOOL_CONVERSION = YES;
				CLANG_WARN_COMMA = YES;
				CLANG_WARN_CONSTANT_CONVERSION = YES;
				CLANG_WARN_DEPRECATED_OBJC_IMPLEMENTATIONS = YES;
				CLANG_WARN_DIRECT_OBJC_ISA_USAGE = YES_ERROR;
				CLANG_WARN_DOCUMENTATION_COMMENTS = YES;
				CLANG_WARN_EMPTY_BODY = YES;
				CLANG_WARN_ENUM_CONVERSION = YES;
				CLANG_WARN_INFINITE_RECURSION = YES;
				CLANG_WARN_INT_CONVERSION = YES;
				CLANG_WARN_NON_LITERAL_NULL_CONVERSION = YES;
				CLANG_WARN_OBJC_IMPLICIT_RETAIN_SELF = YES;
				CLANG_WARN_OBJC_LITERAL_CONVERSION = YES;
				CLANG_WARN_OBJC_ROOT_CLASS = YES_ERROR;
				CLANG_WARN_RANGE_LOOP_ANALYSIS = YES;
				CLANG_WARN_STRICT_PROTOTYPES = YES;
				CLANG_WARN_SUSPICIOUS_MOVE = YES;
				CLANG_WARN_UNGUARDED_AVAILABILITY = YES_AGGRESSIVE;
				CLANG_WARN_UNREACHABLE_CODE = YES;
				CLANG_WARN__DUPLICATE_METHOD_MATCH = YES;
				COPY_PHASE_STRIP = NO;
				DEBUG_INFORMATION_FORMAT = "dwarf-with-dsym";
				ENABLE_NS_ASSERTIONS = NO;
				ENABLE_STRICT_OBJC_MSGSEND = YES;
				GCC_C_LANGUAGE_STANDARD = gnu11;
				GCC_NO_COMMON_BLOCKS = YES;
				GCC_WARN_64_TO_32_BIT_CONVERSION = YES;
				GCC_WARN_ABOUT_RETURN_TYPE = YES_ERROR;
				GCC_WARN_UNDECLARED_SELECTOR = YES;
				GCC_WARN_UNINITIALIZED_AUTOS = YES_AGGRESSIVE;
				GCC_WARN_UNUSED_FUNCTION = YES;
				GCC_WARN_UNUSED_VARIABLE = YES;
				IPHONEOS_DEPLOYMENT_TARGET = 13.5;
				MTL_ENABLE_DEBUG_INFO = NO;
				MTL_FAST_MATH = YES;
				SDKROOT = iphoneos;
				SWIFT_COMPILATION_MODE = wholemodule;
				SWIFT_OPTIMIZATION_LEVEL = "-O";
				VALIDATE_PRODUCT = YES;
			};
			name = Release;
		};
		515EC96B2478488D00BEEF3E /* Debug */ = {
			isa = XCBuildConfiguration;
			buildSettings = {
				ASSETCATALOG_COMPILER_APPICON_NAME = AppIcon;
				CODE_SIGN_STYLE = Automatic;
				DEVELOPMENT_TEAM = HMX25T49H2;
				INFOPLIST_FILE = ScatterAndGatherAnimations/Info.plist;
				LD_RUNPATH_SEARCH_PATHS = (
					"$(inherited)",
					"@executable_path/Frameworks",
				);
				PRODUCT_BUNDLE_IDENTIFIER = jkGames.ScatterAndGatherAnimations;
				PRODUCT_NAME = "$(TARGET_NAME)";
				SWIFT_VERSION = 5.0;
				TARGETED_DEVICE_FAMILY = "1,2";
			};
			name = Debug;
		};
		515EC96C2478488D00BEEF3E /* Release */ = {
			isa = XCBuildConfiguration;
			buildSettings = {
				ASSETCATALOG_COMPILER_APPICON_NAME = AppIcon;
				CODE_SIGN_STYLE = Automatic;
				DEVELOPMENT_TEAM = HMX25T49H2;
				INFOPLIST_FILE = ScatterAndGatherAnimations/Info.plist;
				LD_RUNPATH_SEARCH_PATHS = (
					"$(inherited)",
					"@executable_path/Frameworks",
				);
				PRODUCT_BUNDLE_IDENTIFIER = jkGames.ScatterAndGatherAnimations;
				PRODUCT_NAME = "$(TARGET_NAME)";
				SWIFT_VERSION = 5.0;
				TARGETED_DEVICE_FAMILY = "1,2";
			};
			name = Release;
		};
/* End XCBuildConfiguration section */

/* Begin XCConfigurationList section */
		515EC9512478488B00BEEF3E /* Build configuration list for PBXProject "ScatterAndGatherAnimations" */ = {
			isa = XCConfigurationList;
			buildConfigurations = (
				515EC9682478488D00BEEF3E /* Debug */,
				515EC9692478488D00BEEF3E /* Release */,
			);
			defaultConfigurationIsVisible = 0;
			defaultConfigurationName = Release;
		};
		515EC96A2478488D00BEEF3E /* Build configuration list for PBXNativeTarget "ScatterAndGatherAnimations" */ = {
			isa = XCConfigurationList;
			buildConfigurations = (
				515EC96B2478488D00BEEF3E /* Debug */,
				515EC96C2478488D00BEEF3E /* Release */,
			);
			defaultConfigurationIsVisible = 0;
			defaultConfigurationName = Release;
		};
/* End XCConfigurationList section */
	};
	rootObject = 515EC94E2478488B00BEEF3E /* Project object */;
}
