// !$*UTF8*$!
{
	archiveVersion = 1;
	classes = {
	};
	objectVersion = 50;
	objects = {

/* Begin PBXBuildFile section */
		4BB6EC6D24463BFA00B9C2BE /* AppDelegate.swift in Sources */ = {isa = PBXBuildFile; fileRef = 4BB6EC6C24463BFA00B9C2BE /* AppDelegate.swift */; };
		4BB6EC6F24463BFA00B9C2BE /* SceneDelegate.swift in Sources */ = {isa = PBXBuildFile; fileRef = 4BB6EC6E24463BFA00B9C2BE /* SceneDelegate.swift */; };
		4BB6EC7424463BFA00B9C2BE /* Main.storyboard in Resources */ = {isa = PBXBuildFile; fileRef = 4BB6EC7224463BFA00B9C2BE /* Main.storyboard */; };
		4BB6EC7624463BFC00B9C2BE /* Assets.xcassets in Resources */ = {isa = PBXBuildFile; fileRef = 4BB6EC7524463BFC00B9C2BE /* Assets.xcassets */; };
		4BB6EC7924463BFC00B9C2BE /* LaunchScreen.storyboard in Resources */ = {isa = PBXBuildFile; fileRef = 4BB6EC7724463BFC00B9C2BE /* LaunchScreen.storyboard */; };
		4BB6EC8124463D1300B9C2BE /* AnimationViewController.swift in Sources */ = {isa = PBXBuildFile; fileRef = 4BB6EC8024463D1300B9C2BE /* AnimationViewController.swift */; };
/* End PBXBuildFile section */

/* Begin PBXFileReference section */
		4BB6EC6924463BFA00B9C2BE /* Scatter and Gather Animations.app */ = {isa = PBXFileReference; explicitFileType = wrapper.application; includeInIndex = 0; path = "Scatter and Gather Animations.app"; sourceTree = BUILT_PRODUCTS_DIR; };
		4BB6EC6C24463BFA00B9C2BE /* AppDelegate.swift */ = {isa = PBXFileReference; lastKnownFileType = sourcecode.swift; path = AppDelegate.swift; sourceTree = "<group>"; };
		4BB6EC6E24463BFA00B9C2BE /* SceneDelegate.swift */ = {isa = PBXFileReference; lastKnownFileType = sourcecode.swift; path = SceneDelegate.swift; sourceTree = "<group>"; };
		4BB6EC7324463BFA00B9C2BE /* Base */ = {isa = PBXFileReference; lastKnownFileType = file.storyboard; name = Base; path = Base.lproj/Main.storyboard; sourceTree = "<group>"; };
		4BB6EC7524463BFC00B9C2BE /* Assets.xcassets */ = {isa = PBXFileReference; lastKnownFileType = folder.assetcatalog; path = Assets.xcassets; sourceTree = "<group>"; };
		4BB6EC7824463BFC00B9C2BE /* Base */ = {isa = PBXFileReference; lastKnownFileType = file.storyboard; name = Base; path = Base.lproj/LaunchScreen.storyboard; sourceTree = "<group>"; };
		4BB6EC7A24463BFC00B9C2BE /* Info.plist */ = {isa = PBXFileReference; lastKnownFileType = text.plist.xml; path = Info.plist; sourceTree = "<group>"; };
		4BB6EC8024463D1300B9C2BE /* AnimationViewController.swift */ = {isa = PBXFileReference; lastKnownFileType = sourcecode.swift; path = AnimationViewController.swift; sourceTree = "<group>"; };
/* End PBXFileReference section */

/* Begin PBXFrameworksBuildPhase section */
		4BB6EC6624463BFA00B9C2BE /* Frameworks */ = {
			isa = PBXFrameworksBuildPhase;
			buildActionMask = 2147483647;
			files = (
			);
			runOnlyForDeploymentPostprocessing = 0;
		};
/* End PBXFrameworksBuildPhase section */

/* Begin PBXGroup section */
		4BB6EC6024463BF900B9C2BE = {
			isa = PBXGroup;
			children = (
				4BB6EC6B24463BFA00B9C2BE /* Scatter and Gather Animations */,
				4BB6EC6A24463BFA00B9C2BE /* Products */,
			);
			sourceTree = "<group>";
		};
		4BB6EC6A24463BFA00B9C2BE /* Products */ = {
			isa = PBXGroup;
			children = (
				4BB6EC6924463BFA00B9C2BE /* Scatter and Gather Animations.app */,
			);
			name = Products;
			sourceTree = "<group>";
		};
		4BB6EC6B24463BFA00B9C2BE /* Scatter and Gather Animations */ = {
			isa = PBXGroup;
			children = (
				4BB6EC6C24463BFA00B9C2BE /* AppDelegate.swift */,
				4BB6EC6E24463BFA00B9C2BE /* SceneDelegate.swift */,
				4BB6EC7224463BFA00B9C2BE /* Main.storyboard */,
				4BB6EC8024463D1300B9C2BE /* AnimationViewController.swift */,
				4BB6EC7524463BFC00B9C2BE /* Assets.xcassets */,
				4BB6EC7724463BFC00B9C2BE /* LaunchScreen.storyboard */,
				4BB6EC7A24463BFC00B9C2BE /* Info.plist */,
			);
			path = "Scatter and Gather Animations";
			sourceTree = "<group>";
		};
/* End PBXGroup section */

/* Begin PBXNativeTarget section */
		4BB6EC6824463BFA00B9C2BE /* Scatter and Gather Animations */ = {
			isa = PBXNativeTarget;
			buildConfigurationList = 4BB6EC7D24463BFC00B9C2BE /* Build configuration list for PBXNativeTarget "Scatter and Gather Animations" */;
			buildPhases = (
				4BB6EC6524463BFA00B9C2BE /* Sources */,
				4BB6EC6624463BFA00B9C2BE /* Frameworks */,
				4BB6EC6724463BFA00B9C2BE /* Resources */,
			);
			buildRules = (
			);
			dependencies = (
			);
			name = "Scatter and Gather Animations";
			productName = "Scatter and Gather Animations";
			productReference = 4BB6EC6924463BFA00B9C2BE /* Scatter and Gather Animations.app */;
			productType = "com.apple.product-type.application";
		};
/* End PBXNativeTarget section */

/* Begin PBXProject section */
		4BB6EC6124463BF900B9C2BE /* Project object */ = {
			isa = PBXProject;
			attributes = {
				LastSwiftUpdateCheck = 1140;
				LastUpgradeCheck = 1140;
				ORGANIZATIONNAME = "Chris Dobek";
				TargetAttributes = {
					4BB6EC6824463BFA00B9C2BE = {
						CreatedOnToolsVersion = 11.4;
					};
				};
			};
			buildConfigurationList = 4BB6EC6424463BF900B9C2BE /* Build configuration list for PBXProject "Scatter and Gather Animations" */;
			compatibilityVersion = "Xcode 9.3";
			developmentRegion = en;
			hasScannedForEncodings = 0;
			knownRegions = (
				en,
				Base,
			);
			mainGroup = 4BB6EC6024463BF900B9C2BE;
			productRefGroup = 4BB6EC6A24463BFA00B9C2BE /* Products */;
			projectDirPath = "";
			projectRoot = "";
			targets = (
				4BB6EC6824463BFA00B9C2BE /* Scatter and Gather Animations */,
			);
		};
/* End PBXProject section */

/* Begin PBXResourcesBuildPhase section */
		4BB6EC6724463BFA00B9C2BE /* Resources */ = {
			isa = PBXResourcesBuildPhase;
			buildActionMask = 2147483647;
			files = (
				4BB6EC7924463BFC00B9C2BE /* LaunchScreen.storyboard in Resources */,
				4BB6EC7624463BFC00B9C2BE /* Assets.xcassets in Resources */,
				4BB6EC7424463BFA00B9C2BE /* Main.storyboard in Resources */,
			);
			runOnlyForDeploymentPostprocessing = 0;
		};
/* End PBXResourcesBuildPhase section */

/* Begin PBXSourcesBuildPhase section */
		4BB6EC6524463BFA00B9C2BE /* Sources */ = {
			isa = PBXSourcesBuildPhase;
			buildActionMask = 2147483647;
			files = (
				4BB6EC8124463D1300B9C2BE /* AnimationViewController.swift in Sources */,
				4BB6EC6D24463BFA00B9C2BE /* AppDelegate.swift in Sources */,
				4BB6EC6F24463BFA00B9C2BE /* SceneDelegate.swift in Sources */,
			);
			runOnlyForDeploymentPostprocessing = 0;
		};
/* End PBXSourcesBuildPhase section */

/* Begin PBXVariantGroup section */
		4BB6EC7224463BFA00B9C2BE /* Main.storyboard */ = {
			isa = PBXVariantGroup;
			children = (
				4BB6EC7324463BFA00B9C2BE /* Base */,
			);
			name = Main.storyboard;
			sourceTree = "<group>";
		};
		4BB6EC7724463BFC00B9C2BE /* LaunchScreen.storyboard */ = {
			isa = PBXVariantGroup;
			children = (
				4BB6EC7824463BFC00B9C2BE /* Base */,
			);
			name = LaunchScreen.storyboard;
			sourceTree = "<group>";
		};
/* End PBXVariantGroup section */

/* Begin XCBuildConfiguration section */
		4BB6EC7B24463BFC00B9C2BE /* Debug */ = {
			isa = XCBuildConfiguration;
			buildSettings = {
				ALWAYS_SEARCH_USER_PATHS = NO;
				CLANG_ANALYZER_NONNULL = YES;
				CLANG_ANALYZER_NUMBER_OBJECT_CONVERSION = YES_AGGRESSIVE;
				CLANG_CXX_LANGUAGE_STANDARD = "gnu++14";
				CLANG_CXX_LIBRARY = "libc++";
				CLANG_ENABLE_MODULES = YES;
				CLANG_ENABLE_OBJC_ARC = YES;
				CLANG_ENABLE_OBJC_WEAK = YES;
				CLANG_WARN_BLOCK_CAPTURE_AUTORELEASING = YES;
				CLANG_WARN_BOOL_CONVERSION = YES;
				CLANG_WARN_COMMA = YES;
				CLANG_WARN_CONSTANT_CONVERSION = YES;
				CLANG_WARN_DEPRECATED_OBJC_IMPLEMENTATIONS = YES;
				CLANG_WARN_DIRECT_OBJC_ISA_USAGE = YES_ERROR;
				CLANG_WARN_DOCUMENTATION_COMMENTS = YES;
				CLANG_WARN_EMPTY_BODY = YES;
				CLANG_WARN_ENUM_CONVERSION = YES;
				CLANG_WARN_INFINITE_RECURSION = YES;
				CLANG_WARN_INT_CONVERSION = YES;
				CLANG_WARN_NON_LITERAL_NULL_CONVERSION = YES;
				CLANG_WARN_OBJC_IMPLICIT_RETAIN_SELF = YES;
				CLANG_WARN_OBJC_LITERAL_CONVERSION = YES;
				CLANG_WARN_OBJC_ROOT_CLASS = YES_ERROR;
				CLANG_WARN_RANGE_LOOP_ANALYSIS = YES;
				CLANG_WARN_STRICT_PROTOTYPES = YES;
				CLANG_WARN_SUSPICIOUS_MOVE = YES;
				CLANG_WARN_UNGUARDED_AVAILABILITY = YES_AGGRESSIVE;
				CLANG_WARN_UNREACHABLE_CODE = YES;
				CLANG_WARN__DUPLICATE_METHOD_MATCH = YES;
				COPY_PHASE_STRIP = NO;
				DEBUG_INFORMATION_FORMAT = dwarf;
				ENABLE_STRICT_OBJC_MSGSEND = YES;
				ENABLE_TESTABILITY = YES;
				GCC_C_LANGUAGE_STANDARD = gnu11;
				GCC_DYNAMIC_NO_PIC = NO;
				GCC_NO_COMMON_BLOCKS = YES;
				GCC_OPTIMIZATION_LEVEL = 0;
				GCC_PREPROCESSOR_DEFINITIONS = (
					"DEBUG=1",
					"$(inherited)",
				);
				GCC_WARN_64_TO_32_BIT_CONVERSION = YES;
				GCC_WARN_ABOUT_RETURN_TYPE = YES_ERROR;
				GCC_WARN_UNDECLARED_SELECTOR = YES;
				GCC_WARN_UNINITIALIZED_AUTOS = YES_AGGRESSIVE;
				GCC_WARN_UNUSED_FUNCTION = YES;
				GCC_WARN_UNUSED_VARIABLE = YES;
				IPHONEOS_DEPLOYMENT_TARGET = 13.4;
				MTL_ENABLE_DEBUG_INFO = INCLUDE_SOURCE;
				MTL_FAST_MATH = YES;
				ONLY_ACTIVE_ARCH = YES;
				SDKROOT = iphoneos;
				SWIFT_ACTIVE_COMPILATION_CONDITIONS = DEBUG;
				SWIFT_OPTIMIZATION_LEVEL = "-Onone";
			};
			name = Debug;
		};
		4BB6EC7C24463BFC00B9C2BE /* Release */ = {
			isa = XCBuildConfiguration;
			buildSettings = {
				ALWAYS_SEARCH_USER_PATHS = NO;
				CLANG_ANALYZER_NONNULL = YES;
				CLANG_ANALYZER_NUMBER_OBJECT_CONVERSION = YES_AGGRESSIVE;
				CLANG_CXX_LANGUAGE_STANDARD = "gnu++14";
				CLANG_CXX_LIBRARY = "libc++";
				CLANG_ENABLE_MODULES = YES;
				CLANG_ENABLE_OBJC_ARC = YES;
				CLANG_ENABLE_OBJC_WEAK = YES;
				CLANG_WARN_BLOCK_CAPTURE_AUTORELEASING = YES;
				CLANG_WARN_BOOL_CONVERSION = YES;
				CLANG_WARN_COMMA = YES;
				CLANG_WARN_CONSTANT_CONVERSION = YES;
				CLANG_WARN_DEPRECATED_OBJC_IMPLEMENTATIONS = YES;
				CLANG_WARN_DIRECT_OBJC_ISA_USAGE = YES_ERROR;
				CLANG_WARN_DOCUMENTATION_COMMENTS = YES;
				CLANG_WARN_EMPTY_BODY = YES;
				CLANG_WARN_ENUM_CONVERSION = YES;
				CLANG_WARN_INFINITE_RECURSION = YES;
				CLANG_WARN_INT_CONVERSION = YES;
				CLANG_WARN_NON_LITERAL_NULL_CONVERSION = YES;
				CLANG_WARN_OBJC_IMPLICIT_RETAIN_SELF = YES;
				CLANG_WARN_OBJC_LITERAL_CONVERSION = YES;
				CLANG_WARN_OBJC_ROOT_CLASS = YES_ERROR;
				CLANG_WARN_RANGE_LOOP_ANALYSIS = YES;
				CLANG_WARN_STRICT_PROTOTYPES = YES;
				CLANG_WARN_SUSPICIOUS_MOVE = YES;
				CLANG_WARN_UNGUARDED_AVAILABILITY = YES_AGGRESSIVE;
				CLANG_WARN_UNREACHABLE_CODE = YES;
				CLANG_WARN__DUPLICATE_METHOD_MATCH = YES;
				COPY_PHASE_STRIP = NO;
				DEBUG_INFORMATION_FORMAT = "dwarf-with-dsym";
				ENABLE_NS_ASSERTIONS = NO;
				ENABLE_STRICT_OBJC_MSGSEND = YES;
				GCC_C_LANGUAGE_STANDARD = gnu11;
				GCC_NO_COMMON_BLOCKS = YES;
				GCC_WARN_64_TO_32_BIT_CONVERSION = YES;
				GCC_WARN_ABOUT_RETURN_TYPE = YES_ERROR;
				GCC_WARN_UNDECLARED_SELECTOR = YES;
				GCC_WARN_UNINITIALIZED_AUTOS = YES_AGGRESSIVE;
				GCC_WARN_UNUSED_FUNCTION = YES;
				GCC_WARN_UNUSED_VARIABLE = YES;
				IPHONEOS_DEPLOYMENT_TARGET = 13.4;
				MTL_ENABLE_DEBUG_INFO = NO;
				MTL_FAST_MATH = YES;
				SDKROOT = iphoneos;
				SWIFT_COMPILATION_MODE = wholemodule;
				SWIFT_OPTIMIZATION_LEVEL = "-O";
				VALIDATE_PRODUCT = YES;
			};
			name = Release;
		};
		4BB6EC7E24463BFC00B9C2BE /* Debug */ = {
			isa = XCBuildConfiguration;
			buildSettings = {
				ASSETCATALOG_COMPILER_APPICON_NAME = AppIcon;
				CODE_SIGN_STYLE = Automatic;
				DEVELOPMENT_TEAM = JR3MZ76R8L;
				INFOPLIST_FILE = "Scatter and Gather Animations/Info.plist";
				LD_RUNPATH_SEARCH_PATHS = (
					"$(inherited)",
					"@executable_path/Frameworks",
				);
				PRODUCT_BUNDLE_IDENTIFIER = "com.ChrisDobek.Scatter-and-Gather-Animations";
				PRODUCT_NAME = "$(TARGET_NAME)";
				SWIFT_VERSION = 5.0;
				TARGETED_DEVICE_FAMILY = "1,2";
			};
			name = Debug;
		};
		4BB6EC7F24463BFC00B9C2BE /* Release */ = {
			isa = XCBuildConfiguration;
			buildSettings = {
				ASSETCATALOG_COMPILER_APPICON_NAME = AppIcon;
				CODE_SIGN_STYLE = Automatic;
				DEVELOPMENT_TEAM = JR3MZ76R8L;
				INFOPLIST_FILE = "Scatter and Gather Animations/Info.plist";
				LD_RUNPATH_SEARCH_PATHS = (
					"$(inherited)",
					"@executable_path/Frameworks",
				);
				PRODUCT_BUNDLE_IDENTIFIER = "com.ChrisDobek.Scatter-and-Gather-Animations";
				PRODUCT_NAME = "$(TARGET_NAME)";
				SWIFT_VERSION = 5.0;
				TARGETED_DEVICE_FAMILY = "1,2";
			};
			name = Release;
		};
/* End XCBuildConfiguration section */

/* Begin XCConfigurationList section */
		4BB6EC6424463BF900B9C2BE /* Build configuration list for PBXProject "Scatter and Gather Animations" */ = {
			isa = XCConfigurationList;
			buildConfigurations = (
				4BB6EC7B24463BFC00B9C2BE /* Debug */,
				4BB6EC7C24463BFC00B9C2BE /* Release */,
			);
			defaultConfigurationIsVisible = 0;
			defaultConfigurationName = Release;
		};
		4BB6EC7D24463BFC00B9C2BE /* Build configuration list for PBXNativeTarget "Scatter and Gather Animations" */ = {
			isa = XCConfigurationList;
			buildConfigurations = (
				4BB6EC7E24463BFC00B9C2BE /* Debug */,
				4BB6EC7F24463BFC00B9C2BE /* Release */,
			);
			defaultConfigurationIsVisible = 0;
			defaultConfigurationName = Release;
		};
/* End XCConfigurationList section */
	};
	rootObject = 4BB6EC6124463BF900B9C2BE /* Project object */;
}
