// !$*UTF8*$!
{
	archiveVersion = 1;
	classes = {
	};
	objectVersion = 50;
	objects = {

/* Begin PBXBuildFile section */
		1FD13C90238068FF0063FC9A /* AppDelegate.swift in Sources */ = {isa = PBXBuildFile; fileRef = 1FD13C8F238068FF0063FC9A /* AppDelegate.swift */; };
		1FD13C92238068FF0063FC9A /* SceneDelegate.swift in Sources */ = {isa = PBXBuildFile; fileRef = 1FD13C91238068FF0063FC9A /* SceneDelegate.swift */; };
		1FD13C94238068FF0063FC9A /* ViewController.swift in Sources */ = {isa = PBXBuildFile; fileRef = 1FD13C93238068FF0063FC9A /* ViewController.swift */; };
		1FD13C97238068FF0063FC9A /* Main.storyboard in Resources */ = {isa = PBXBuildFile; fileRef = 1FD13C95238068FF0063FC9A /* Main.storyboard */; };
		1FD13C99238069020063FC9A /* Assets.xcassets in Resources */ = {isa = PBXBuildFile; fileRef = 1FD13C98238069020063FC9A /* Assets.xcassets */; };
		1FD13C9C238069020063FC9A /* LaunchScreen.storyboard in Resources */ = {isa = PBXBuildFile; fileRef = 1FD13C9A238069020063FC9A /* LaunchScreen.storyboard */; };
		1FD13CA4238069300063FC9A /* README.md in Resources */ = {isa = PBXBuildFile; fileRef = 1FD13CA3238069300063FC9A /* README.md */; };
		1FD13CA623806DA30063FC9A /* ScatterViewController.swift in Sources */ = {isa = PBXBuildFile; fileRef = 1FD13CA523806DA30063FC9A /* ScatterViewController.swift */; };
/* End PBXBuildFile section */

/* Begin PBXFileReference section */
		1FD13C8C238068FF0063FC9A /* Scatter and gather.app */ = {isa = PBXFileReference; explicitFileType = wrapper.application; includeInIndex = 0; path = "Scatter and gather.app"; sourceTree = BUILT_PRODUCTS_DIR; };
		1FD13C8F238068FF0063FC9A /* AppDelegate.swift */ = {isa = PBXFileReference; lastKnownFileType = sourcecode.swift; path = AppDelegate.swift; sourceTree = "<group>"; };
		1FD13C91238068FF0063FC9A /* SceneDelegate.swift */ = {isa = PBXFileReference; lastKnownFileType = sourcecode.swift; path = SceneDelegate.swift; sourceTree = "<group>"; };
		1FD13C93238068FF0063FC9A /* ViewController.swift */ = {isa = PBXFileReference; lastKnownFileType = sourcecode.swift; path = ViewController.swift; sourceTree = "<group>"; };
		1FD13C96238068FF0063FC9A /* Base */ = {isa = PBXFileReference; lastKnownFileType = file.storyboard; name = Base; path = Base.lproj/Main.storyboard; sourceTree = "<group>"; };
		1FD13C98238069020063FC9A /* Assets.xcassets */ = {isa = PBXFileReference; lastKnownFileType = folder.assetcatalog; path = Assets.xcassets; sourceTree = "<group>"; };
		1FD13C9B238069020063FC9A /* Base */ = {isa = PBXFileReference; lastKnownFileType = file.storyboard; name = Base; path = Base.lproj/LaunchScreen.storyboard; sourceTree = "<group>"; };
		1FD13C9D238069020063FC9A /* Info.plist */ = {isa = PBXFileReference; lastKnownFileType = text.plist.xml; path = Info.plist; sourceTree = "<group>"; };
		1FD13CA3238069300063FC9A /* README.md */ = {isa = PBXFileReference; fileEncoding = 4; lastKnownFileType = net.daringfireball.markdown; name = README.md; path = ../../README.md; sourceTree = "<group>"; };
		1FD13CA523806DA30063FC9A /* ScatterViewController.swift */ = {isa = PBXFileReference; lastKnownFileType = sourcecode.swift; path = ScatterViewController.swift; sourceTree = "<group>"; };
/* End PBXFileReference section */

/* Begin PBXFrameworksBuildPhase section */
		1FD13C89238068FF0063FC9A /* Frameworks */ = {
			isa = PBXFrameworksBuildPhase;
			buildActionMask = 2147483647;
			files = (
			);
			runOnlyForDeploymentPostprocessing = 0;
		};
/* End PBXFrameworksBuildPhase section */

/* Begin PBXGroup section */
		1FD13C83238068FF0063FC9A = {
			isa = PBXGroup;
			children = (
				1FD13C8E238068FF0063FC9A /* Scatter and gather */,
				1FD13C8D238068FF0063FC9A /* Products */,
			);
			sourceTree = "<group>";
		};
		1FD13C8D238068FF0063FC9A /* Products */ = {
			isa = PBXGroup;
			children = (
				1FD13C8C238068FF0063FC9A /* Scatter and gather.app */,
			);
			name = Products;
			sourceTree = "<group>";
		};
		1FD13C8E238068FF0063FC9A /* Scatter and gather */ = {
			isa = PBXGroup;
			children = (
				1FD13CA3238069300063FC9A /* README.md */,
				1FD13C8F238068FF0063FC9A /* AppDelegate.swift */,
				1FD13C91238068FF0063FC9A /* SceneDelegate.swift */,
				1FD13C93238068FF0063FC9A /* ViewController.swift */,
				1FD13CA523806DA30063FC9A /* ScatterViewController.swift */,
				1FD13C95238068FF0063FC9A /* Main.storyboard */,
				1FD13C98238069020063FC9A /* Assets.xcassets */,
				1FD13C9A238069020063FC9A /* LaunchScreen.storyboard */,
				1FD13C9D238069020063FC9A /* Info.plist */,
			);
			path = "Scatter and gather";
			sourceTree = "<group>";
		};
/* End PBXGroup section */

/* Begin PBXNativeTarget section */
		1FD13C8B238068FF0063FC9A /* Scatter and gather */ = {
			isa = PBXNativeTarget;
			buildConfigurationList = 1FD13CA0238069020063FC9A /* Build configuration list for PBXNativeTarget "Scatter and gather" */;
			buildPhases = (
				1FD13C88238068FF0063FC9A /* Sources */,
				1FD13C89238068FF0063FC9A /* Frameworks */,
				1FD13C8A238068FF0063FC9A /* Resources */,
			);
			buildRules = (
			);
			dependencies = (
			);
			name = "Scatter and gather";
			productName = "Scatter and gather";
			productReference = 1FD13C8C238068FF0063FC9A /* Scatter and gather.app */;
			productType = "com.apple.product-type.application";
		};
/* End PBXNativeTarget section */

/* Begin PBXProject section */
		1FD13C84238068FF0063FC9A /* Project object */ = {
			isa = PBXProject;
			attributes = {
				LastSwiftUpdateCheck = 1120;
				LastUpgradeCheck = 1120;
				ORGANIZATIONNAME = "Lambda School";
				TargetAttributes = {
					1FD13C8B238068FF0063FC9A = {
						CreatedOnToolsVersion = 11.2;
					};
				};
			};
			buildConfigurationList = 1FD13C87238068FF0063FC9A /* Build configuration list for PBXProject "Scatter and gather" */;
			compatibilityVersion = "Xcode 9.3";
			developmentRegion = en;
			hasScannedForEncodings = 0;
			knownRegions = (
				en,
				Base,
			);
			mainGroup = 1FD13C83238068FF0063FC9A;
			productRefGroup = 1FD13C8D238068FF0063FC9A /* Products */;
			projectDirPath = "";
			projectRoot = "";
			targets = (
				1FD13C8B238068FF0063FC9A /* Scatter and gather */,
			);
		};
/* End PBXProject section */

/* Begin PBXResourcesBuildPhase section */
		1FD13C8A238068FF0063FC9A /* Resources */ = {
			isa = PBXResourcesBuildPhase;
			buildActionMask = 2147483647;
			files = (
				1FD13C9C238069020063FC9A /* LaunchScreen.storyboard in Resources */,
				1FD13C99238069020063FC9A /* Assets.xcassets in Resources */,
				1FD13CA4238069300063FC9A /* README.md in Resources */,
				1FD13C97238068FF0063FC9A /* Main.storyboard in Resources */,
			);
			runOnlyForDeploymentPostprocessing = 0;
		};
/* End PBXResourcesBuildPhase section */

/* Begin PBXSourcesBuildPhase section */
		1FD13C88238068FF0063FC9A /* Sources */ = {
			isa = PBXSourcesBuildPhase;
			buildActionMask = 2147483647;
			files = (
				1FD13C94238068FF0063FC9A /* ViewController.swift in Sources */,
				1FD13C90238068FF0063FC9A /* AppDelegate.swift in Sources */,
				1FD13C92238068FF0063FC9A /* SceneDelegate.swift in Sources */,
				1FD13CA623806DA30063FC9A /* ScatterViewController.swift in Sources */,
			);
			runOnlyForDeploymentPostprocessing = 0;
		};
/* End PBXSourcesBuildPhase section */

/* Begin PBXVariantGroup section */
		1FD13C95238068FF0063FC9A /* Main.storyboard */ = {
			isa = PBXVariantGroup;
			children = (
				1FD13C96238068FF0063FC9A /* Base */,
			);
			name = Main.storyboard;
			sourceTree = "<group>";
		};
		1FD13C9A238069020063FC9A /* LaunchScreen.storyboard */ = {
			isa = PBXVariantGroup;
			children = (
				1FD13C9B238069020063FC9A /* Base */,
			);
			name = LaunchScreen.storyboard;
			sourceTree = "<group>";
		};
/* End PBXVariantGroup section */

/* Begin XCBuildConfiguration section */
		1FD13C9E238069020063FC9A /* Debug */ = {
			isa = XCBuildConfiguration;
			buildSettings = {
				ALWAYS_SEARCH_USER_PATHS = NO;
				CLANG_ANALYZER_NONNULL = YES;
				CLANG_ANALYZER_NUMBER_OBJECT_CONVERSION = YES_AGGRESSIVE;
				CLANG_CXX_LANGUAGE_STANDARD = "gnu++14";
				CLANG_CXX_LIBRARY = "libc++";
				CLANG_ENABLE_MODULES = YES;
				CLANG_ENABLE_OBJC_ARC = YES;
				CLANG_ENABLE_OBJC_WEAK = YES;
				CLANG_WARN_BLOCK_CAPTURE_AUTORELEASING = YES;
				CLANG_WARN_BOOL_CONVERSION = YES;
				CLANG_WARN_COMMA = YES;
				CLANG_WARN_CONSTANT_CONVERSION = YES;
				CLANG_WARN_DEPRECATED_OBJC_IMPLEMENTATIONS = YES;
				CLANG_WARN_DIRECT_OBJC_ISA_USAGE = YES_ERROR;
				CLANG_WARN_DOCUMENTATION_COMMENTS = YES;
				CLANG_WARN_EMPTY_BODY = YES;
				CLANG_WARN_ENUM_CONVERSION = YES;
				CLANG_WARN_INFINITE_RECURSION = YES;
				CLANG_WARN_INT_CONVERSION = YES;
				CLANG_WARN_NON_LITERAL_NULL_CONVERSION = YES;
				CLANG_WARN_OBJC_IMPLICIT_RETAIN_SELF = YES;
				CLANG_WARN_OBJC_LITERAL_CONVERSION = YES;
				CLANG_WARN_OBJC_ROOT_CLASS = YES_ERROR;
				CLANG_WARN_RANGE_LOOP_ANALYSIS = YES;
				CLANG_WARN_STRICT_PROTOTYPES = YES;
				CLANG_WARN_SUSPICIOUS_MOVE = YES;
				CLANG_WARN_UNGUARDED_AVAILABILITY = YES_AGGRESSIVE;
				CLANG_WARN_UNREACHABLE_CODE = YES;
				CLANG_WARN__DUPLICATE_METHOD_MATCH = YES;
				COPY_PHASE_STRIP = NO;
				DEBUG_INFORMATION_FORMAT = dwarf;
				ENABLE_STRICT_OBJC_MSGSEND = YES;
				ENABLE_TESTABILITY = YES;
				GCC_C_LANGUAGE_STANDARD = gnu11;
				GCC_DYNAMIC_NO_PIC = NO;
				GCC_NO_COMMON_BLOCKS = YES;
				GCC_OPTIMIZATION_LEVEL = 0;
				GCC_PREPROCESSOR_DEFINITIONS = (
					"DEBUG=1",
					"$(inherited)",
				);
				GCC_WARN_64_TO_32_BIT_CONVERSION = YES;
				GCC_WARN_ABOUT_RETURN_TYPE = YES_ERROR;
				GCC_WARN_UNDECLARED_SELECTOR = YES;
				GCC_WARN_UNINITIALIZED_AUTOS = YES_AGGRESSIVE;
				GCC_WARN_UNUSED_FUNCTION = YES;
				GCC_WARN_UNUSED_VARIABLE = YES;
				IPHONEOS_DEPLOYMENT_TARGET = 13.2;
				MTL_ENABLE_DEBUG_INFO = INCLUDE_SOURCE;
				MTL_FAST_MATH = YES;
				ONLY_ACTIVE_ARCH = YES;
				SDKROOT = iphoneos;
				SWIFT_ACTIVE_COMPILATION_CONDITIONS = DEBUG;
				SWIFT_OPTIMIZATION_LEVEL = "-Onone";
			};
			name = Debug;
		};
		1FD13C9F238069020063FC9A /* Release */ = {
			isa = XCBuildConfiguration;
			buildSettings = {
				ALWAYS_SEARCH_USER_PATHS = NO;
				CLANG_ANALYZER_NONNULL = YES;
				CLANG_ANALYZER_NUMBER_OBJECT_CONVERSION = YES_AGGRESSIVE;
				CLANG_CXX_LANGUAGE_STANDARD = "gnu++14";
				CLANG_CXX_LIBRARY = "libc++";
				CLANG_ENABLE_MODULES = YES;
				CLANG_ENABLE_OBJC_ARC = YES;
				CLANG_ENABLE_OBJC_WEAK = YES;
				CLANG_WARN_BLOCK_CAPTURE_AUTORELEASING = YES;
				CLANG_WARN_BOOL_CONVERSION = YES;
				CLANG_WARN_COMMA = YES;
				CLANG_WARN_CONSTANT_CONVERSION = YES;
				CLANG_WARN_DEPRECATED_OBJC_IMPLEMENTATIONS = YES;
				CLANG_WARN_DIRECT_OBJC_ISA_USAGE = YES_ERROR;
				CLANG_WARN_DOCUMENTATION_COMMENTS = YES;
				CLANG_WARN_EMPTY_BODY = YES;
				CLANG_WARN_ENUM_CONVERSION = YES;
				CLANG_WARN_INFINITE_RECURSION = YES;
				CLANG_WARN_INT_CONVERSION = YES;
				CLANG_WARN_NON_LITERAL_NULL_CONVERSION = YES;
				CLANG_WARN_OBJC_IMPLICIT_RETAIN_SELF = YES;
				CLANG_WARN_OBJC_LITERAL_CONVERSION = YES;
				CLANG_WARN_OBJC_ROOT_CLASS = YES_ERROR;
				CLANG_WARN_RANGE_LOOP_ANALYSIS = YES;
				CLANG_WARN_STRICT_PROTOTYPES = YES;
				CLANG_WARN_SUSPICIOUS_MOVE = YES;
				CLANG_WARN_UNGUARDED_AVAILABILITY = YES_AGGRESSIVE;
				CLANG_WARN_UNREACHABLE_CODE = YES;
				CLANG_WARN__DUPLICATE_METHOD_MATCH = YES;
				COPY_PHASE_STRIP = NO;
				DEBUG_INFORMATION_FORMAT = "dwarf-with-dsym";
				ENABLE_NS_ASSERTIONS = NO;
				ENABLE_STRICT_OBJC_MSGSEND = YES;
				GCC_C_LANGUAGE_STANDARD = gnu11;
				GCC_NO_COMMON_BLOCKS = YES;
				GCC_WARN_64_TO_32_BIT_CONVERSION = YES;
				GCC_WARN_ABOUT_RETURN_TYPE = YES_ERROR;
				GCC_WARN_UNDECLARED_SELECTOR = YES;
				GCC_WARN_UNINITIALIZED_AUTOS = YES_AGGRESSIVE;
				GCC_WARN_UNUSED_FUNCTION = YES;
				GCC_WARN_UNUSED_VARIABLE = YES;
				IPHONEOS_DEPLOYMENT_TARGET = 13.2;
				MTL_ENABLE_DEBUG_INFO = NO;
				MTL_FAST_MATH = YES;
				SDKROOT = iphoneos;
				SWIFT_COMPILATION_MODE = wholemodule;
				SWIFT_OPTIMIZATION_LEVEL = "-O";
				VALIDATE_PRODUCT = YES;
			};
			name = Release;
		};
		1FD13CA1238069020063FC9A /* Debug */ = {
			isa = XCBuildConfiguration;
			buildSettings = {
				ASSETCATALOG_COMPILER_APPICON_NAME = AppIcon;
				CODE_SIGN_STYLE = Automatic;
				DEVELOPMENT_TEAM = FMU733F66G;
				INFOPLIST_FILE = "Scatter and gather/Info.plist";
				LD_RUNPATH_SEARCH_PATHS = (
					"$(inherited)",
					"@executable_path/Frameworks",
				);
				PRODUCT_BUNDLE_IDENTIFIER = "com.alexthompson.Scatter-and-gather";
				PRODUCT_NAME = "$(TARGET_NAME)";
				SWIFT_VERSION = 5.0;
				TARGETED_DEVICE_FAMILY = "1,2";
			};
			name = Debug;
		};
		1FD13CA2238069020063FC9A /* Release */ = {
			isa = XCBuildConfiguration;
			buildSettings = {
				ASSETCATALOG_COMPILER_APPICON_NAME = AppIcon;
				CODE_SIGN_STYLE = Automatic;
				DEVELOPMENT_TEAM = FMU733F66G;
				INFOPLIST_FILE = "Scatter and gather/Info.plist";
				LD_RUNPATH_SEARCH_PATHS = (
					"$(inherited)",
					"@executable_path/Frameworks",
				);
				PRODUCT_BUNDLE_IDENTIFIER = "com.alexthompson.Scatter-and-gather";
				PRODUCT_NAME = "$(TARGET_NAME)";
				SWIFT_VERSION = 5.0;
				TARGETED_DEVICE_FAMILY = "1,2";
			};
			name = Release;
		};
/* End XCBuildConfiguration section */

/* Begin XCConfigurationList section */
		1FD13C87238068FF0063FC9A /* Build configuration list for PBXProject "Scatter and gather" */ = {
			isa = XCConfigurationList;
			buildConfigurations = (
				1FD13C9E238069020063FC9A /* Debug */,
				1FD13C9F238069020063FC9A /* Release */,
			);
			defaultConfigurationIsVisible = 0;
			defaultConfigurationName = Release;
		};
		1FD13CA0238069020063FC9A /* Build configuration list for PBXNativeTarget "Scatter and gather" */ = {
			isa = XCConfigurationList;
			buildConfigurations = (
				1FD13CA1238069020063FC9A /* Debug */,
				1FD13CA2238069020063FC9A /* Release */,
			);
			defaultConfigurationIsVisible = 0;
			defaultConfigurationName = Release;
		};
/* End XCConfigurationList section */
	};
	rootObject = 1FD13C84238068FF0063FC9A /* Project object */;
}
