// !$*UTF8*$!
{
	archiveVersion = 1;
	classes = {
	};
	objectVersion = 50;
	objects = {

/* Begin PBXBuildFile section */
		4F9512FF234D12F4005D251B /* AppDelegate.swift in Sources */ = {isa = PBXBuildFile; fileRef = 4F9512FE234D12F4005D251B /* AppDelegate.swift */; };
		4F951301234D12F4005D251B /* SceneDelegate.swift in Sources */ = {isa = PBXBuildFile; fileRef = 4F951300234D12F4005D251B /* SceneDelegate.swift */; };
		4F951303234D12F4005D251B /* ViewController.swift in Sources */ = {isa = PBXBuildFile; fileRef = 4F951302234D12F4005D251B /* ViewController.swift */; };
		4F951306234D12F4005D251B /* Main.storyboard in Resources */ = {isa = PBXBuildFile; fileRef = 4F951304234D12F4005D251B /* Main.storyboard */; };
		4F951308234D12FC005D251B /* Assets.xcassets in Resources */ = {isa = PBXBuildFile; fileRef = 4F951307234D12FC005D251B /* Assets.xcassets */; };
		4F95130B234D12FC005D251B /* LaunchScreen.storyboard in Resources */ = {isa = PBXBuildFile; fileRef = 4F951309234D12FC005D251B /* LaunchScreen.storyboard */; };
/* End PBXBuildFile section */

/* Begin PBXFileReference section */
		4F9512FB234D12F4005D251B /* BasicAnimation-Scatter-and-Gather.app */ = {isa = PBXFileReference; explicitFileType = wrapper.application; includeInIndex = 0; path = "BasicAnimation-Scatter-and-Gather.app"; sourceTree = BUILT_PRODUCTS_DIR; };
		4F9512FE234D12F4005D251B /* AppDelegate.swift */ = {isa = PBXFileReference; lastKnownFileType = sourcecode.swift; path = AppDelegate.swift; sourceTree = "<group>"; };
		4F951300234D12F4005D251B /* SceneDelegate.swift */ = {isa = PBXFileReference; lastKnownFileType = sourcecode.swift; path = SceneDelegate.swift; sourceTree = "<group>"; };
		4F951302234D12F4005D251B /* ViewController.swift */ = {isa = PBXFileReference; lastKnownFileType = sourcecode.swift; path = ViewController.swift; sourceTree = "<group>"; };
		4F951305234D12F4005D251B /* Base */ = {isa = PBXFileReference; lastKnownFileType = file.storyboard; name = Base; path = Base.lproj/Main.storyboard; sourceTree = "<group>"; };
		4F951307234D12FC005D251B /* Assets.xcassets */ = {isa = PBXFileReference; lastKnownFileType = folder.assetcatalog; path = Assets.xcassets; sourceTree = "<group>"; };
		4F95130A234D12FC005D251B /* Base */ = {isa = PBXFileReference; lastKnownFileType = file.storyboard; name = Base; path = Base.lproj/LaunchScreen.storyboard; sourceTree = "<group>"; };
		4F95130C234D12FC005D251B /* Info.plist */ = {isa = PBXFileReference; lastKnownFileType = text.plist.xml; path = Info.plist; sourceTree = "<group>"; };
/* End PBXFileReference section */

/* Begin PBXFrameworksBuildPhase section */
		4F9512F8234D12F4005D251B /* Frameworks */ = {
			isa = PBXFrameworksBuildPhase;
			buildActionMask = 2147483647;
			files = (
			);
			runOnlyForDeploymentPostprocessing = 0;
		};
/* End PBXFrameworksBuildPhase section */

/* Begin PBXGroup section */
		4F9512F2234D12F4005D251B = {
			isa = PBXGroup;
			children = (
				4F9512FD234D12F4005D251B /* BasicAnimation-Scatter-and-Gather */,
				4F9512FC234D12F4005D251B /* Products */,
			);
			sourceTree = "<group>";
		};
		4F9512FC234D12F4005D251B /* Products */ = {
			isa = PBXGroup;
			children = (
				4F9512FB234D12F4005D251B /* BasicAnimation-Scatter-and-Gather.app */,
			);
			name = Products;
			sourceTree = "<group>";
		};
		4F9512FD234D12F4005D251B /* BasicAnimation-Scatter-and-Gather */ = {
			isa = PBXGroup;
			children = (
				4F9512FE234D12F4005D251B /* AppDelegate.swift */,
				4F951300234D12F4005D251B /* SceneDelegate.swift */,
				4F951302234D12F4005D251B /* ViewController.swift */,
				4F951304234D12F4005D251B /* Main.storyboard */,
				4F951307234D12FC005D251B /* Assets.xcassets */,
				4F951309234D12FC005D251B /* LaunchScreen.storyboard */,
				4F95130C234D12FC005D251B /* Info.plist */,
			);
			path = "BasicAnimation-Scatter-and-Gather";
			sourceTree = "<group>";
		};
/* End PBXGroup section */

/* Begin PBXNativeTarget section */
		4F9512FA234D12F4005D251B /* BasicAnimation-Scatter-and-Gather */ = {
			isa = PBXNativeTarget;
			buildConfigurationList = 4F95130F234D12FC005D251B /* Build configuration list for PBXNativeTarget "BasicAnimation-Scatter-and-Gather" */;
			buildPhases = (
				4F9512F7234D12F4005D251B /* Sources */,
				4F9512F8234D12F4005D251B /* Frameworks */,
				4F9512F9234D12F4005D251B /* Resources */,
			);
			buildRules = (
			);
			dependencies = (
			);
			name = "BasicAnimation-Scatter-and-Gather";
			productName = "BasicAnimation-Scatter-and-Gather";
			productReference = 4F9512FB234D12F4005D251B /* BasicAnimation-Scatter-and-Gather.app */;
			productType = "com.apple.product-type.application";
		};
/* End PBXNativeTarget section */

/* Begin PBXProject section */
		4F9512F3234D12F4005D251B /* Project object */ = {
			isa = PBXProject;
			attributes = {
				LastSwiftUpdateCheck = 1100;
				LastUpgradeCheck = 1100;
				ORGANIZATIONNAME = "Jonalynn Masters";
				TargetAttributes = {
					4F9512FA234D12F4005D251B = {
						CreatedOnToolsVersion = 11.0;
					};
				};
			};
			buildConfigurationList = 4F9512F6234D12F4005D251B /* Build configuration list for PBXProject "BasicAnimation-Scatter-and-Gather" */;
			compatibilityVersion = "Xcode 9.3";
			developmentRegion = en;
			hasScannedForEncodings = 0;
			knownRegions = (
				en,
				Base,
			);
			mainGroup = 4F9512F2234D12F4005D251B;
			productRefGroup = 4F9512FC234D12F4005D251B /* Products */;
			projectDirPath = "";
			projectRoot = "";
			targets = (
				4F9512FA234D12F4005D251B /* BasicAnimation-Scatter-and-Gather */,
			);
		};
/* End PBXProject section */

/* Begin PBXResourcesBuildPhase section */
		4F9512F9234D12F4005D251B /* Resources */ = {
			isa = PBXResourcesBuildPhase;
			buildActionMask = 2147483647;
			files = (
				4F95130B234D12FC005D251B /* LaunchScreen.storyboard in Resources */,
				4F951308234D12FC005D251B /* Assets.xcassets in Resources */,
				4F951306234D12F4005D251B /* Main.storyboard in Resources */,
			);
			runOnlyForDeploymentPostprocessing = 0;
		};
/* End PBXResourcesBuildPhase section */

/* Begin PBXSourcesBuildPhase section */
		4F9512F7234D12F4005D251B /* Sources */ = {
			isa = PBXSourcesBuildPhase;
			buildActionMask = 2147483647;
			files = (
				4F951303234D12F4005D251B /* ViewController.swift in Sources */,
				4F9512FF234D12F4005D251B /* AppDelegate.swift in Sources */,
				4F951301234D12F4005D251B /* SceneDelegate.swift in Sources */,
			);
			runOnlyForDeploymentPostprocessing = 0;
		};
/* End PBXSourcesBuildPhase section */

/* Begin PBXVariantGroup section */
		4F951304234D12F4005D251B /* Main.storyboard */ = {
			isa = PBXVariantGroup;
			children = (
				4F951305234D12F4005D251B /* Base */,
			);
			name = Main.storyboard;
			sourceTree = "<group>";
		};
		4F951309234D12FC005D251B /* LaunchScreen.storyboard */ = {
			isa = PBXVariantGroup;
			children = (
				4F95130A234D12FC005D251B /* Base */,
			);
			name = LaunchScreen.storyboard;
			sourceTree = "<group>";
		};
/* End PBXVariantGroup section */

/* Begin XCBuildConfiguration section */
		4F95130D234D12FC005D251B /* Debug */ = {
			isa = XCBuildConfiguration;
			buildSettings = {
				ALWAYS_SEARCH_USER_PATHS = NO;
				CLANG_ANALYZER_NONNULL = YES;
				CLANG_ANALYZER_NUMBER_OBJECT_CONVERSION = YES_AGGRESSIVE;
				CLANG_CXX_LANGUAGE_STANDARD = "gnu++14";
				CLANG_CXX_LIBRARY = "libc++";
				CLANG_ENABLE_MODULES = YES;
				CLANG_ENABLE_OBJC_ARC = YES;
				CLANG_ENABLE_OBJC_WEAK = YES;
				CLANG_WARN_BLOCK_CAPTURE_AUTORELEASING = YES;
				CLANG_WARN_BOOL_CONVERSION = YES;
				CLANG_WARN_COMMA = YES;
				CLANG_WARN_CONSTANT_CONVERSION = YES;
				CLANG_WARN_DEPRECATED_OBJC_IMPLEMENTATIONS = YES;
				CLANG_WARN_DIRECT_OBJC_ISA_USAGE = YES_ERROR;
				CLANG_WARN_DOCUMENTATION_COMMENTS = YES;
				CLANG_WARN_EMPTY_BODY = YES;
				CLANG_WARN_ENUM_CONVERSION = YES;
				CLANG_WARN_INFINITE_RECURSION = YES;
				CLANG_WARN_INT_CONVERSION = YES;
				CLANG_WARN_NON_LITERAL_NULL_CONVERSION = YES;
				CLANG_WARN_OBJC_IMPLICIT_RETAIN_SELF = YES;
				CLANG_WARN_OBJC_LITERAL_CONVERSION = YES;
				CLANG_WARN_OBJC_ROOT_CLASS = YES_ERROR;
				CLANG_WARN_RANGE_LOOP_ANALYSIS = YES;
				CLANG_WARN_STRICT_PROTOTYPES = YES;
				CLANG_WARN_SUSPICIOUS_MOVE = YES;
				CLANG_WARN_UNGUARDED_AVAILABILITY = YES_AGGRESSIVE;
				CLANG_WARN_UNREACHABLE_CODE = YES;
				CLANG_WARN__DUPLICATE_METHOD_MATCH = YES;
				COPY_PHASE_STRIP = NO;
				DEBUG_INFORMATION_FORMAT = dwarf;
				ENABLE_STRICT_OBJC_MSGSEND = YES;
				ENABLE_TESTABILITY = YES;
				GCC_C_LANGUAGE_STANDARD = gnu11;
				GCC_DYNAMIC_NO_PIC = NO;
				GCC_NO_COMMON_BLOCKS = YES;
				GCC_OPTIMIZATION_LEVEL = 0;
				GCC_PREPROCESSOR_DEFINITIONS = (
					"DEBUG=1",
					"$(inherited)",
				);
				GCC_WARN_64_TO_32_BIT_CONVERSION = YES;
				GCC_WARN_ABOUT_RETURN_TYPE = YES_ERROR;
				GCC_WARN_UNDECLARED_SELECTOR = YES;
				GCC_WARN_UNINITIALIZED_AUTOS = YES_AGGRESSIVE;
				GCC_WARN_UNUSED_FUNCTION = YES;
				GCC_WARN_UNUSED_VARIABLE = YES;
				IPHONEOS_DEPLOYMENT_TARGET = 13.0;
				MTL_ENABLE_DEBUG_INFO = INCLUDE_SOURCE;
				MTL_FAST_MATH = YES;
				ONLY_ACTIVE_ARCH = YES;
				SDKROOT = iphoneos;
				SWIFT_ACTIVE_COMPILATION_CONDITIONS = DEBUG;
				SWIFT_OPTIMIZATION_LEVEL = "-Onone";
			};
			name = Debug;
		};
		4F95130E234D12FC005D251B /* Release */ = {
			isa = XCBuildConfiguration;
			buildSettings = {
				ALWAYS_SEARCH_USER_PATHS = NO;
				CLANG_ANALYZER_NONNULL = YES;
				CLANG_ANALYZER_NUMBER_OBJECT_CONVERSION = YES_AGGRESSIVE;
				CLANG_CXX_LANGUAGE_STANDARD = "gnu++14";
				CLANG_CXX_LIBRARY = "libc++";
				CLANG_ENABLE_MODULES = YES;
				CLANG_ENABLE_OBJC_ARC = YES;
				CLANG_ENABLE_OBJC_WEAK = YES;
				CLANG_WARN_BLOCK_CAPTURE_AUTORELEASING = YES;
				CLANG_WARN_BOOL_CONVERSION = YES;
				CLANG_WARN_COMMA = YES;
				CLANG_WARN_CONSTANT_CONVERSION = YES;
				CLANG_WARN_DEPRECATED_OBJC_IMPLEMENTATIONS = YES;
				CLANG_WARN_DIRECT_OBJC_ISA_USAGE = YES_ERROR;
				CLANG_WARN_DOCUMENTATION_COMMENTS = YES;
				CLANG_WARN_EMPTY_BODY = YES;
				CLANG_WARN_ENUM_CONVERSION = YES;
				CLANG_WARN_INFINITE_RECURSION = YES;
				CLANG_WARN_INT_CONVERSION = YES;
				CLANG_WARN_NON_LITERAL_NULL_CONVERSION = YES;
				CLANG_WARN_OBJC_IMPLICIT_RETAIN_SELF = YES;
				CLANG_WARN_OBJC_LITERAL_CONVERSION = YES;
				CLANG_WARN_OBJC_ROOT_CLASS = YES_ERROR;
				CLANG_WARN_RANGE_LOOP_ANALYSIS = YES;
				CLANG_WARN_STRICT_PROTOTYPES = YES;
				CLANG_WARN_SUSPICIOUS_MOVE = YES;
				CLANG_WARN_UNGUARDED_AVAILABILITY = YES_AGGRESSIVE;
				CLANG_WARN_UNREACHABLE_CODE = YES;
				CLANG_WARN__DUPLICATE_METHOD_MATCH = YES;
				COPY_PHASE_STRIP = NO;
				DEBUG_INFORMATION_FORMAT = "dwarf-with-dsym";
				ENABLE_NS_ASSERTIONS = NO;
				ENABLE_STRICT_OBJC_MSGSEND = YES;
				GCC_C_LANGUAGE_STANDARD = gnu11;
				GCC_NO_COMMON_BLOCKS = YES;
				GCC_WARN_64_TO_32_BIT_CONVERSION = YES;
				GCC_WARN_ABOUT_RETURN_TYPE = YES_ERROR;
				GCC_WARN_UNDECLARED_SELECTOR = YES;
				GCC_WARN_UNINITIALIZED_AUTOS = YES_AGGRESSIVE;
				GCC_WARN_UNUSED_FUNCTION = YES;
				GCC_WARN_UNUSED_VARIABLE = YES;
				IPHONEOS_DEPLOYMENT_TARGET = 13.0;
				MTL_ENABLE_DEBUG_INFO = NO;
				MTL_FAST_MATH = YES;
				SDKROOT = iphoneos;
				SWIFT_COMPILATION_MODE = wholemodule;
				SWIFT_OPTIMIZATION_LEVEL = "-O";
				VALIDATE_PRODUCT = YES;
			};
			name = Release;
		};
		4F951310234D12FC005D251B /* Debug */ = {
			isa = XCBuildConfiguration;
			buildSettings = {
				ASSETCATALOG_COMPILER_APPICON_NAME = AppIcon;
				CODE_SIGN_STYLE = Automatic;
				DEVELOPMENT_TEAM = BHPNM53Q62;
				INFOPLIST_FILE = "BasicAnimation-Scatter-and-Gather/Info.plist";
				LD_RUNPATH_SEARCH_PATHS = (
					"$(inherited)",
					"@executable_path/Frameworks",
				);
				PRODUCT_BUNDLE_IDENTIFIER = "com.jonalynnMasters.BasicAnimation-Scatter-and-Gather";
				PRODUCT_NAME = "$(TARGET_NAME)";
				SWIFT_VERSION = 5.0;
				TARGETED_DEVICE_FAMILY = "1,2";
			};
			name = Debug;
		};
		4F951311234D12FC005D251B /* Release */ = {
			isa = XCBuildConfiguration;
			buildSettings = {
				ASSETCATALOG_COMPILER_APPICON_NAME = AppIcon;
				CODE_SIGN_STYLE = Automatic;
				DEVELOPMENT_TEAM = BHPNM53Q62;
				INFOPLIST_FILE = "BasicAnimation-Scatter-and-Gather/Info.plist";
				LD_RUNPATH_SEARCH_PATHS = (
					"$(inherited)",
					"@executable_path/Frameworks",
				);
				PRODUCT_BUNDLE_IDENTIFIER = "com.jonalynnMasters.BasicAnimation-Scatter-and-Gather";
				PRODUCT_NAME = "$(TARGET_NAME)";
				SWIFT_VERSION = 5.0;
				TARGETED_DEVICE_FAMILY = "1,2";
			};
			name = Release;
		};
/* End XCBuildConfiguration section */

/* Begin XCConfigurationList section */
		4F9512F6234D12F4005D251B /* Build configuration list for PBXProject "BasicAnimation-Scatter-and-Gather" */ = {
			isa = XCConfigurationList;
			buildConfigurations = (
				4F95130D234D12FC005D251B /* Debug */,
				4F95130E234D12FC005D251B /* Release */,
			);
			defaultConfigurationIsVisible = 0;
			defaultConfigurationName = Release;
		};
		4F95130F234D12FC005D251B /* Build configuration list for PBXNativeTarget "BasicAnimation-Scatter-and-Gather" */ = {
			isa = XCConfigurationList;
			buildConfigurations = (
				4F951310234D12FC005D251B /* Debug */,
				4F951311234D12FC005D251B /* Release */,
			);
			defaultConfigurationIsVisible = 0;
			defaultConfigurationName = Release;
		};
/* End XCConfigurationList section */
	};
	rootObject = 4F9512F3234D12F4005D251B /* Project object */;
}
